{
  "version": 2,
  "dependencies": {
    "net10.0": {
      "FSharp.Core": {
        "type": "Direct",
        "requested": "[10.1.203, )",
        "resolved": "10.1.203",
        "contentHash": "I2MFk72yHqfgI594gKFigq8PVIso0Mh1ZUgG9R4n8gyYQ4IwpBxmvecfjnKA7iMLdVHYULB70PsLwYW/K76gew=="
      },
      "G-Research.FSharp.Analyzers": {
        "type": "Direct",
        "requested": "[0.25.0, )",
        "resolved": "0.25.0",
        "contentHash": "P+u0uXq1PRVD1Wto9j0JrZHJ8JmmSwJM6ogq6mqX849JRrqcsWmgFR3+oRSy4EmrYwtMfCSgp6D+LWe6yAtvSg=="
      },
      "Ionide.Analyzers": {
        "type": "Direct",
        "requested": "[0.19.0, )",
        "resolved": "0.19.0",
        "contentHash": "FBp/etThPSWhbvlM8wLxWtGYWgZ768yYjhwW83y18xZI9VBniG6kFVy4TEleyDkB7QnqfUgVepbT6ryHHFnZEA=="
      },
      "fantomas.core": {
        "type": "Project",
        "dependencies": {
          "FSharp.Core": "[10.0.100, )",
          "Fantomas.FCS": "[1.0.0, )"
        }
      },
      "fantomas.fcs": {
        "type": "Project",
        "dependencies": {
          "FSharp.Core": "[10.0.100, )"
        }
      }
    }
  }
}