
Microsoft Visual Studio Solution File, Format Version 12.00
# Visual Studio Version 17
VisualStudioVersion = 17.0.31825.309
MinimumVisualStudioVersion = 15.0.26124.0
Project("{6EC3EE1D-3C4E-46DD-8F32-0CC8E7565705}") = "Fantomas.Core", "src\Fantomas.Core\Fantomas.Core.fsproj", "{7EA16279-A5F1-4781-A343-4375A04BCE6F}"
EndProject
Project("{6EC3EE1D-3C4E-46DD-8F32-0CC8E7565705}") = "Fantomas.Core.Tests", "src\Fantomas.Core.Tests\Fantomas.Core.Tests.fsproj", "{DED76E41-B89F-47BA-84C5-3AB0BECFA767}"
EndProject
Project("{6EC3EE1D-3C4E-46DD-8F32-0CC8E7565705}") = "Fantomas", "src\Fantomas\Fantomas.fsproj", "{DC08805B-C6E2-43F3-B381-E60EE88A079D}"
EndProject
Project("{6EC3EE1D-3C4E-46DD-8F32-0CC8E7565705}") = "Fantomas.Tests", "src\Fantomas.Tests\Fantomas.Tests.fsproj", "{DEDE6968-0BE8-4415-9262-8355B82AF2C0}"
EndProject
Project("{6EC3EE1D-3C4E-46DD-8F32-0CC8E7565705}") = "Fantomas.Benchmarks", "src\Fantomas.Benchmarks\Fantomas.Benchmarks.fsproj", "{B6BC63D5-410D-4DBB-9D45-5638F20BD09B}"
EndProject
Project("{2150E333-8FDC-42A3-9474-1A3956D46DE8}") = "docs", "docs", "{29F22904-C9E0-40AA-B971-9AE377C17F59}"
	ProjectSection(SolutionItems) = preProject
		docs\index.html = docs\index.html
		docs\.README.md = docs\.README.md
		docs\docs\end-users\Configuration.fsx = docs\docs\end-users\Configuration.fsx
	EndProjectSection
EndProject
Project("{F2A71F9B-5D33-465A-A702-920D77279786}") = "Fantomas.Client", "src\Fantomas.Client\Fantomas.Client.fsproj", "{AA895F94-CCF2-4FCF-A9BB-E16987B57535}"
EndProject
Project("{F2A71F9B-5D33-465A-A702-920D77279786}") = "Fantomas.FCS", "src\Fantomas.FCS\Fantomas.FCS.fsproj", "{B39D50EE-0307-4C08-81F5-97418A946F63}"
EndProject
Project("{2150E333-8FDC-42A3-9474-1A3956D46DE8}") = "Solution Items", "Solution Items", "{965B1FF9-B438-4F74-ACCA-A78062AD606E}"
	ProjectSection(SolutionItems) = preProject
		.editorconfig = .editorconfig
		.fantomasignore = .fantomasignore
		.gitattributes = .gitattributes
		.git-blame-ignore-revs = .git-blame-ignore-revs
		.gitignore = .gitignore
		.gitpod.yml = .gitpod.yml
		build.fsx = build.fsx
		CHANGELOG.md = CHANGELOG.md
		CODE_OF_CONDUCT.md = CODE_OF_CONDUCT.md
		CONTRIBUTING.md = CONTRIBUTING.md
		Directory.Build.props = Directory.Build.props
		LICENSE.md = LICENSE.md
		README.md = README.md
	EndProjectSection
EndProject
Global
	GlobalSection(SolutionConfigurationPlatforms) = preSolution
		Debug|Any CPU = Debug|Any CPU
		Debug|x64 = Debug|x64
		Debug|x86 = Debug|x86
		Release|Any CPU = Release|Any CPU
		Release|x64 = Release|x64
		Release|x86 = Release|x86
	EndGlobalSection
	GlobalSection(ProjectConfigurationPlatforms) = postSolution
		{7EA16279-A5F1-4781-A343-4375A04BCE6F}.Debug|Any CPU.ActiveCfg = Debug|Any CPU
		{7EA16279-A5F1-4781-A343-4375A04BCE6F}.Debug|Any CPU.Build.0 = Debug|Any CPU
		{7EA16279-A5F1-4781-A343-4375A04BCE6F}.Debug|x64.ActiveCfg = Debug|x64
		{7EA16279-A5F1-4781-A343-4375A04BCE6F}.Debug|x64.Build.0 = Debug|x64
		{7EA16279-A5F1-4781-A343-4375A04BCE6F}.Debug|x86.ActiveCfg = Debug|x86
		{7EA16279-A5F1-4781-A343-4375A04BCE6F}.Debug|x86.Build.0 = Debug|x86
		{7EA16279-A5F1-4781-A343-4375A04BCE6F}.Release|Any CPU.ActiveCfg = Release|Any CPU
		{7EA16279-A5F1-4781-A343-4375A04BCE6F}.Release|Any CPU.Build.0 = Release|Any CPU
		{7EA16279-A5F1-4781-A343-4375A04BCE6F}.Release|x64.ActiveCfg = Release|x64
		{7EA16279-A5F1-4781-A343-4375A04BCE6F}.Release|x64.Build.0 = Release|x64
		{7EA16279-A5F1-4781-A343-4375A04BCE6F}.Release|x86.ActiveCfg = Release|x86
		{7EA16279-A5F1-4781-A343-4375A04BCE6F}.Release|x86.Build.0 = Release|x86
		{DED76E41-B89F-47BA-84C5-3AB0BECFA767}.Debug|Any CPU.ActiveCfg = Debug|Any CPU
		{DED76E41-B89F-47BA-84C5-3AB0BECFA767}.Debug|Any CPU.Build.0 = Debug|Any CPU
		{DED76E41-B89F-47BA-84C5-3AB0BECFA767}.Debug|x64.ActiveCfg = Debug|x64
		{DED76E41-B89F-47BA-84C5-3AB0BECFA767}.Debug|x64.Build.0 = Debug|x64
		{DED76E41-B89F-47BA-84C5-3AB0BECFA767}.Debug|x86.ActiveCfg = Debug|x86
		{DED76E41-B89F-47BA-84C5-3AB0BECFA767}.Debug|x86.Build.0 = Debug|x86
		{DED76E41-B89F-47BA-84C5-3AB0BECFA767}.Release|Any CPU.ActiveCfg = Release|Any CPU
		{DED76E41-B89F-47BA-84C5-3AB0BECFA767}.Release|Any CPU.Build.0 = Release|Any CPU
		{DED76E41-B89F-47BA-84C5-3AB0BECFA767}.Release|x64.ActiveCfg = Release|x64
		{DED76E41-B89F-47BA-84C5-3AB0BECFA767}.Release|x64.Build.0 = Release|x64
		{DED76E41-B89F-47BA-84C5-3AB0BECFA767}.Release|x86.ActiveCfg = Release|x86
		{DED76E41-B89F-47BA-84C5-3AB0BECFA767}.Release|x86.Build.0 = Release|x86
		{DC08805B-C6E2-43F3-B381-E60EE88A079D}.Debug|Any CPU.ActiveCfg = Debug|Any CPU
		{DC08805B-C6E2-43F3-B381-E60EE88A079D}.Debug|Any CPU.Build.0 = Debug|Any CPU
		{DC08805B-C6E2-43F3-B381-E60EE88A079D}.Debug|x64.ActiveCfg = Debug|Any CPU
		{DC08805B-C6E2-43F3-B381-E60EE88A079D}.Debug|x64.Build.0 = Debug|Any CPU
		{DC08805B-C6E2-43F3-B381-E60EE88A079D}.Debug|x86.ActiveCfg = Debug|Any CPU
		{DC08805B-C6E2-43F3-B381-E60EE88A079D}.Debug|x86.Build.0 = Debug|Any CPU
		{DC08805B-C6E2-43F3-B381-E60EE88A079D}.Release|Any CPU.ActiveCfg = Release|Any CPU
		{DC08805B-C6E2-43F3-B381-E60EE88A079D}.Release|Any CPU.Build.0 = Release|Any CPU
		{DC08805B-C6E2-43F3-B381-E60EE88A079D}.Release|x64.ActiveCfg = Release|Any CPU
		{DC08805B-C6E2-43F3-B381-E60EE88A079D}.Release|x64.Build.0 = Release|Any CPU
		{DC08805B-C6E2-43F3-B381-E60EE88A079D}.Release|x86.ActiveCfg = Release|Any CPU
		{DC08805B-C6E2-43F3-B381-E60EE88A079D}.Release|x86.Build.0 = Release|Any CPU
		{DEDE6968-0BE8-4415-9262-8355B82AF2C0}.Debug|Any CPU.ActiveCfg = Debug|Any CPU
		{DEDE6968-0BE8-4415-9262-8355B82AF2C0}.Debug|Any CPU.Build.0 = Debug|Any CPU
		{DEDE6968-0BE8-4415-9262-8355B82AF2C0}.Debug|x64.ActiveCfg = Debug|Any CPU
		{DEDE6968-0BE8-4415-9262-8355B82AF2C0}.Debug|x64.Build.0 = Debug|Any CPU
		{DEDE6968-0BE8-4415-9262-8355B82AF2C0}.Debug|x86.ActiveCfg = Debug|Any CPU
		{DEDE6968-0BE8-4415-9262-8355B82AF2C0}.Debug|x86.Build.0 = Debug|Any CPU
		{DEDE6968-0BE8-4415-9262-8355B82AF2C0}.Release|Any CPU.ActiveCfg = Release|Any CPU
		{DEDE6968-0BE8-4415-9262-8355B82AF2C0}.Release|Any CPU.Build.0 = Release|Any CPU
		{DEDE6968-0BE8-4415-9262-8355B82AF2C0}.Release|x64.ActiveCfg = Release|Any CPU
		{DEDE6968-0BE8-4415-9262-8355B82AF2C0}.Release|x64.Build.0 = Release|Any CPU
		{DEDE6968-0BE8-4415-9262-8355B82AF2C0}.Release|x86.ActiveCfg = Release|Any CPU
		{DEDE6968-0BE8-4415-9262-8355B82AF2C0}.Release|x86.Build.0 = Release|Any CPU
		{B6BC63D5-410D-4DBB-9D45-5638F20BD09B}.Debug|Any CPU.ActiveCfg = Debug|Any CPU
		{B6BC63D5-410D-4DBB-9D45-5638F20BD09B}.Debug|Any CPU.Build.0 = Debug|Any CPU
		{B6BC63D5-410D-4DBB-9D45-5638F20BD09B}.Debug|x64.ActiveCfg = Debug|Any CPU
		{B6BC63D5-410D-4DBB-9D45-5638F20BD09B}.Debug|x64.Build.0 = Debug|Any CPU
		{B6BC63D5-410D-4DBB-9D45-5638F20BD09B}.Debug|x86.ActiveCfg = Debug|Any CPU
		{B6BC63D5-410D-4DBB-9D45-5638F20BD09B}.Debug|x86.Build.0 = Debug|Any CPU
		{B6BC63D5-410D-4DBB-9D45-5638F20BD09B}.Release|Any CPU.ActiveCfg = Release|Any CPU
		{B6BC63D5-410D-4DBB-9D45-5638F20BD09B}.Release|Any CPU.Build.0 = Release|Any CPU
		{B6BC63D5-410D-4DBB-9D45-5638F20BD09B}.Release|x64.ActiveCfg = Release|Any CPU
		{B6BC63D5-410D-4DBB-9D45-5638F20BD09B}.Release|x64.Build.0 = Release|Any CPU
		{B6BC63D5-410D-4DBB-9D45-5638F20BD09B}.Release|x86.ActiveCfg = Release|Any CPU
		{B6BC63D5-410D-4DBB-9D45-5638F20BD09B}.Release|x86.Build.0 = Release|Any CPU
		{AA895F94-CCF2-4FCF-A9BB-E16987B57535}.Debug|Any CPU.ActiveCfg = Debug|Any CPU
		{AA895F94-CCF2-4FCF-A9BB-E16987B57535}.Debug|Any CPU.Build.0 = Debug|Any CPU
		{AA895F94-CCF2-4FCF-A9BB-E16987B57535}.Debug|x64.ActiveCfg = Debug|Any CPU
		{AA895F94-CCF2-4FCF-A9BB-E16987B57535}.Debug|x64.Build.0 = Debug|Any CPU
		{AA895F94-CCF2-4FCF-A9BB-E16987B57535}.Debug|x86.ActiveCfg = Debug|Any CPU
		{AA895F94-CCF2-4FCF-A9BB-E16987B57535}.Debug|x86.Build.0 = Debug|Any CPU
		{AA895F94-CCF2-4FCF-A9BB-E16987B57535}.Release|Any CPU.ActiveCfg = Release|Any CPU
		{AA895F94-CCF2-4FCF-A9BB-E16987B57535}.Release|Any CPU.Build.0 = Release|Any CPU
		{AA895F94-CCF2-4FCF-A9BB-E16987B57535}.Release|x64.ActiveCfg = Release|Any CPU
		{AA895F94-CCF2-4FCF-A9BB-E16987B57535}.Release|x64.Build.0 = Release|Any CPU
		{AA895F94-CCF2-4FCF-A9BB-E16987B57535}.Release|x86.ActiveCfg = Release|Any CPU
		{AA895F94-CCF2-4FCF-A9BB-E16987B57535}.Release|x86.Build.0 = Release|Any CPU
		{B39D50EE-0307-4C08-81F5-97418A946F63}.Debug|Any CPU.ActiveCfg = Debug|Any CPU
		{B39D50EE-0307-4C08-81F5-97418A946F63}.Debug|Any CPU.Build.0 = Debug|Any CPU
		{B39D50EE-0307-4C08-81F5-97418A946F63}.Debug|x64.ActiveCfg = Debug|Any CPU
		{B39D50EE-0307-4C08-81F5-97418A946F63}.Debug|x64.Build.0 = Debug|Any CPU
		{B39D50EE-0307-4C08-81F5-97418A946F63}.Debug|x86.ActiveCfg = Debug|Any CPU
		{B39D50EE-0307-4C08-81F5-97418A946F63}.Debug|x86.Build.0 = Debug|Any CPU
		{B39D50EE-0307-4C08-81F5-97418A946F63}.Release|Any CPU.ActiveCfg = Release|Any CPU
		{B39D50EE-0307-4C08-81F5-97418A946F63}.Release|Any CPU.Build.0 = Release|Any CPU
		{B39D50EE-0307-4C08-81F5-97418A946F63}.Release|x64.ActiveCfg = Release|Any CPU
		{B39D50EE-0307-4C08-81F5-97418A946F63}.Release|x64.Build.0 = Release|Any CPU
		{B39D50EE-0307-4C08-81F5-97418A946F63}.Release|x86.ActiveCfg = Release|Any CPU
		{B39D50EE-0307-4C08-81F5-97418A946F63}.Release|x86.Build.0 = Release|Any CPU
	EndGlobalSection
	GlobalSection(SolutionProperties) = preSolution
		HideSolutionNode = FALSE
	EndGlobalSection
	GlobalSection(ExtensibilityGlobals) = postSolution
		SolutionGuid = {DEBFC920-A647-4859-890D-B59793D27594}
	EndGlobalSection
EndGlobal
