
Microsoft Visual Studio Solution File, Format Version 12.00
# Visual Studio 15
VisualStudioVersion = 15.0.26124.0
MinimumVisualStudioVersion = 15.0.26124.0
Project("{2150E333-8FDC-42A3-9474-1A3956D46DE8}") = ".paket", ".paket", "{B570C54C-2FEA-4A94-A8C5-FD4157A94DE7}"
	ProjectSection(SolutionItems) = preProject
		paket.dependencies = paket.dependencies
	EndProjectSection
EndProject
Project("{F2A71F9B-5D33-465A-A702-920D77279786}") = "Fantomas", "src\Fantomas\Fantomas.fsproj", "{7EA16279-A5F1-4781-A343-4375A04BCE6F}"
EndProject
Project("{F2A71F9B-5D33-465A-A702-920D77279786}") = "Fantomas.Tests", "src\Fantomas.Tests\Fantomas.Tests.fsproj", "{DED76E41-B89F-47BA-84C5-3AB0BECFA767}"
EndProject
Project("{F2A71F9B-5D33-465A-A702-920D77279786}") = "Fantomas.CoreGlobalTool", "src\Fantomas.CoreGlobalTool\Fantomas.CoreGlobalTool.fsproj", "{DC08805B-C6E2-43F3-B381-E60EE88A079D}"
EndProject
Project("{F2A71F9B-5D33-465A-A702-920D77279786}") = "Fantomas.CoreGlobalTool.Tests", "src\Fantomas.CoreGlobalTool.Tests\Fantomas.CoreGlobalTool.Tests.fsproj", "{DEDE6968-0BE8-4415-9262-8355B82AF2C0}"
EndProject
Project("{F2A71F9B-5D33-465A-A702-920D77279786}") = "Fantomas.Benchmarks", "src\Fantomas.Benchmarks\Fantomas.Benchmarks.fsproj", "{B6BC63D5-410D-4DBB-9D45-5638F20BD09B}"
EndProject
Global
	GlobalSection(SolutionConfigurationPlatforms) = preSolution
		Debug|Any CPU = Debug|Any CPU
		Debug|x64 = Debug|x64
		Debug|x86 = Debug|x86
		Release|Any CPU = Release|Any CPU
		Release|x64 = Release|x64
		Release|x86 = Release|x86
	EndGlobalSection
	GlobalSection(SolutionProperties) = preSolution
		HideSolutionNode = FALSE
	EndGlobalSection
	GlobalSection(ProjectConfigurationPlatforms) = postSolution
		{7EA16279-A5F1-4781-A343-4375A04BCE6F}.Debug|Any CPU.ActiveCfg = Debug|Any CPU
		{7EA16279-A5F1-4781-A343-4375A04BCE6F}.Debug|Any CPU.Build.0 = Debug|Any CPU
		{7EA16279-A5F1-4781-A343-4375A04BCE6F}.Debug|x64.ActiveCfg = Debug|x64
		{7EA16279-A5F1-4781-A343-4375A04BCE6F}.Debug|x64.Build.0 = Debug|x64
		{7EA16279-A5F1-4781-A343-4375A04BCE6F}.Debug|x86.ActiveCfg = Debug|x86
		{7EA16279-A5F1-4781-A343-4375A04BCE6F}.Debug|x86.Build.0 = Debug|x86
		{7EA16279-A5F1-4781-A343-4375A04BCE6F}.Release|Any CPU.ActiveCfg = Release|Any CPU
		{7EA16279-A5F1-4781-A343-4375A04BCE6F}.Release|Any CPU.Build.0 = Release|Any CPU
		{7EA16279-A5F1-4781-A343-4375A04BCE6F}.Release|x64.ActiveCfg = Release|x64
		{7EA16279-A5F1-4781-A343-4375A04BCE6F}.Release|x64.Build.0 = Release|x64
		{7EA16279-A5F1-4781-A343-4375A04BCE6F}.Release|x86.ActiveCfg = Release|x86
		{7EA16279-A5F1-4781-A343-4375A04BCE6F}.Release|x86.Build.0 = Release|x86
		{DED76E41-B89F-47BA-84C5-3AB0BECFA767}.Debug|Any CPU.ActiveCfg = Debug|Any CPU
		{DED76E41-B89F-47BA-84C5-3AB0BECFA767}.Debug|Any CPU.Build.0 = Debug|Any CPU
		{DED76E41-B89F-47BA-84C5-3AB0BECFA767}.Debug|x64.ActiveCfg = Debug|x64
		{DED76E41-B89F-47BA-84C5-3AB0BECFA767}.Debug|x64.Build.0 = Debug|x64
		{DED76E41-B89F-47BA-84C5-3AB0BECFA767}.Debug|x86.ActiveCfg = Debug|x86
		{DED76E41-B89F-47BA-84C5-3AB0BECFA767}.Debug|x86.Build.0 = Debug|x86
		{DED76E41-B89F-47BA-84C5-3AB0BECFA767}.Release|Any CPU.ActiveCfg = Release|Any CPU
		{DED76E41-B89F-47BA-84C5-3AB0BECFA767}.Release|Any CPU.Build.0 = Release|Any CPU
		{DED76E41-B89F-47BA-84C5-3AB0BECFA767}.Release|x64.ActiveCfg = Release|x64
		{DED76E41-B89F-47BA-84C5-3AB0BECFA767}.Release|x64.Build.0 = Release|x64
		{DED76E41-B89F-47BA-84C5-3AB0BECFA767}.Release|x86.ActiveCfg = Release|x86
		{DED76E41-B89F-47BA-84C5-3AB0BECFA767}.Release|x86.Build.0 = Release|x86
		{DC08805B-C6E2-43F3-B381-E60EE88A079D}.Debug|Any CPU.ActiveCfg = Debug|Any CPU
		{DC08805B-C6E2-43F3-B381-E60EE88A079D}.Debug|Any CPU.Build.0 = Debug|Any CPU
		{DC08805B-C6E2-43F3-B381-E60EE88A079D}.Debug|x64.ActiveCfg = Debug|Any CPU
		{DC08805B-C6E2-43F3-B381-E60EE88A079D}.Debug|x64.Build.0 = Debug|Any CPU
		{DC08805B-C6E2-43F3-B381-E60EE88A079D}.Debug|x86.ActiveCfg = Debug|Any CPU
		{DC08805B-C6E2-43F3-B381-E60EE88A079D}.Debug|x86.Build.0 = Debug|Any CPU
		{DC08805B-C6E2-43F3-B381-E60EE88A079D}.Release|Any CPU.ActiveCfg = Release|Any CPU
		{DC08805B-C6E2-43F3-B381-E60EE88A079D}.Release|Any CPU.Build.0 = Release|Any CPU
		{DC08805B-C6E2-43F3-B381-E60EE88A079D}.Release|x64.ActiveCfg = Release|Any CPU
		{DC08805B-C6E2-43F3-B381-E60EE88A079D}.Release|x64.Build.0 = Release|Any CPU
		{DC08805B-C6E2-43F3-B381-E60EE88A079D}.Release|x86.ActiveCfg = Release|Any CPU
		{DC08805B-C6E2-43F3-B381-E60EE88A079D}.Release|x86.Build.0 = Release|Any CPU
		{DEDE6968-0BE8-4415-9262-8355B82AF2C0}.Debug|Any CPU.ActiveCfg = Debug|Any CPU
		{DEDE6968-0BE8-4415-9262-8355B82AF2C0}.Debug|Any CPU.Build.0 = Debug|Any CPU
		{DEDE6968-0BE8-4415-9262-8355B82AF2C0}.Debug|x64.ActiveCfg = Debug|Any CPU
		{DEDE6968-0BE8-4415-9262-8355B82AF2C0}.Debug|x64.Build.0 = Debug|Any CPU
		{DEDE6968-0BE8-4415-9262-8355B82AF2C0}.Debug|x86.ActiveCfg = Debug|Any CPU
		{DEDE6968-0BE8-4415-9262-8355B82AF2C0}.Debug|x86.Build.0 = Debug|Any CPU
		{DEDE6968-0BE8-4415-9262-8355B82AF2C0}.Release|Any CPU.ActiveCfg = Release|Any CPU
		{DEDE6968-0BE8-4415-9262-8355B82AF2C0}.Release|Any CPU.Build.0 = Release|Any CPU
		{DEDE6968-0BE8-4415-9262-8355B82AF2C0}.Release|x64.ActiveCfg = Release|Any CPU
		{DEDE6968-0BE8-4415-9262-8355B82AF2C0}.Release|x64.Build.0 = Release|Any CPU
		{DEDE6968-0BE8-4415-9262-8355B82AF2C0}.Release|x86.ActiveCfg = Release|Any CPU
		{DEDE6968-0BE8-4415-9262-8355B82AF2C0}.Release|x86.Build.0 = Release|Any CPU
		{B6BC63D5-410D-4DBB-9D45-5638F20BD09B}.Debug|Any CPU.ActiveCfg = Debug|Any CPU
		{B6BC63D5-410D-4DBB-9D45-5638F20BD09B}.Debug|Any CPU.Build.0 = Debug|Any CPU
		{B6BC63D5-410D-4DBB-9D45-5638F20BD09B}.Debug|x64.ActiveCfg = Debug|Any CPU
		{B6BC63D5-410D-4DBB-9D45-5638F20BD09B}.Debug|x64.Build.0 = Debug|Any CPU
		{B6BC63D5-410D-4DBB-9D45-5638F20BD09B}.Debug|x86.ActiveCfg = Debug|Any CPU
		{B6BC63D5-410D-4DBB-9D45-5638F20BD09B}.Debug|x86.Build.0 = Debug|Any CPU
		{B6BC63D5-410D-4DBB-9D45-5638F20BD09B}.Release|Any CPU.ActiveCfg = Release|Any CPU
		{B6BC63D5-410D-4DBB-9D45-5638F20BD09B}.Release|Any CPU.Build.0 = Release|Any CPU
		{B6BC63D5-410D-4DBB-9D45-5638F20BD09B}.Release|x64.ActiveCfg = Release|Any CPU
		{B6BC63D5-410D-4DBB-9D45-5638F20BD09B}.Release|x64.Build.0 = Release|Any CPU
		{B6BC63D5-410D-4DBB-9D45-5638F20BD09B}.Release|x86.ActiveCfg = Release|Any CPU
		{B6BC63D5-410D-4DBB-9D45-5638F20BD09B}.Release|x86.Build.0 = Release|Any CPU
	EndGlobalSection
	GlobalSection(NestedProjects) = preSolution
	EndGlobalSection
EndGlobal
