{
  "version": 2,
  "dependencies": {
    ".NETStandard,Version=v2.0": {
      "DotNet.ReproducibleBuilds": {
        "type": "Direct",
        "requested": "[2.0.2, )",
        "resolved": "2.0.2",
        "contentHash": "VaHoEN6YHp0jXucxm67vfuRy8zo9ufiKSuaZ4ZudRi8xmWcEFMKxfCsg2nvYNvdISFTURDu+IHqADGh53+Bamw=="
      },
      "FSharp.Core": {
        "type": "Direct",
        "requested": "[10.0.100, )",
        "resolved": "10.0.100",
        "contentHash": "c/r6T/HE9MWL0O0OispLtaKhVwDsiYQlLS249LoxSo1HNH/wfc0f5DE4pI6WpTXkCEdeXa66K5f9FmKLr/0cmw=="
      },
      "FsLexYacc": {
        "type": "Direct",
        "requested": "[11.4.1, )",
        "resolved": "11.4.1",
        "contentHash": "t77MbPw80ndxR0GGkoFByCl27/oWW5jtLN7S4aYQ21IfoBnskXNdtOlxt7cJw/F9aD2dd8kqCrRbpMuE0cDyaQ==",
        "dependencies": {
          "FSharp.Core": "4.6.2",
          "FsLexYacc.Runtime": "11.4.1"
        }
      },
      "G-Research.FSharp.Analyzers": {
        "type": "Direct",
        "requested": "[0.23.0, )",
        "resolved": "0.23.0",
        "contentHash": "OySQ+6afD54e0P4bhGFS7DS7ijVP0tm4MgKw+Qn+JSyr0ObSktOoRGYO2mxUX7wzNuxr/67xO2JkXrkwBWwlnA=="
      },
      "Ionide.Analyzers": {
        "type": "Direct",
        "requested": "[0.17.0, )",
        "resolved": "0.17.0",
        "contentHash": "vTlenH0GbY+MGQHa26EeFaNIf4AfmVa9Jha2DJCTJxFZlYcr11Phi1ngq/Rabpn3Xii/Ri0ZWFqMjI90KgQEMQ=="
      },
      "Ionide.KeepAChangelog.Tasks": {
        "type": "Direct",
        "requested": "[0.3.3, )",
        "resolved": "0.3.3",
        "contentHash": "ADFNczSi+DBaO/UpvkkFAX8wLrm0Mk1AsXzOhrPFWA87M2iJDZwFjpQWKaQDAGVFbOCqlfL4q2QHYtz0ivQb1Q=="
      },
      "NETStandard.Library": {
        "type": "Direct",
        "requested": "[2.0.3, )",
        "resolved": "2.0.3",
        "contentHash": "st47PosZSHrjECdjeIzZQbzivYBJFv6P2nv4cj2ypdI204DO+vZ7l5raGMiX4eXMJ53RfOIg+/s4DHVZ54Nu2A==",
        "dependencies": {
          "Microsoft.NETCore.Platforms": "1.1.0"
        }
      },
      "System.Collections.Immutable": {
        "type": "Direct",
        "requested": "[10.0.6, )",
        "resolved": "10.0.6",
        "contentHash": "g5J8W/ovAraH1IDCvRZlXmpFc2v9yr1caYbVLIye2kzNtsWjJXD6TzV8vNdXni2b7wASoUeY2pnCBHxWrstXGQ==",
        "dependencies": {
          "System.Memory": "4.6.3",
          "System.Runtime.CompilerServices.Unsafe": "6.1.2"
        }
      },
      "System.Diagnostics.DiagnosticSource": {
        "type": "Direct",
        "requested": "[10.0.6, )",
        "resolved": "10.0.6",
        "contentHash": "v/YvmOpq+lv50oxxIDSvZlgiFD2m38DogHTE4MToMEGf6HtgBAmy8gB7Oq0C2pBt+6/bLvUnzLxubWFcvfzTsQ==",
        "dependencies": {
          "System.Memory": "4.6.3",
          "System.Runtime.CompilerServices.Unsafe": "6.1.2"
        }
      },
      "System.Memory": {
        "type": "Direct",
        "requested": "[4.6.3, )",
        "resolved": "4.6.3",
        "contentHash": "qdcDOgnFZY40+Q9876JUHnlHu7bosOHX8XISRoH94fwk6hgaeQGSgfZd8srWRZNt5bV9ZW2TljcegDNxsf+96A==",
        "dependencies": {
          "System.Buffers": "4.6.1",
          "System.Numerics.Vectors": "4.6.1",
          "System.Runtime.CompilerServices.Unsafe": "6.1.2"
        }
      },
      "System.Runtime": {
        "type": "Direct",
        "requested": "[4.3.1, )",
        "resolved": "4.3.1",
        "contentHash": "abhfv1dTK6NXOmu4bgHIONxHyEqFjW8HwXPmpY9gmll+ix9UNo4XDcmzJn6oLooftxNssVHdJC1pGT9jkSynQg==",
        "dependencies": {
          "Microsoft.NETCore.Platforms": "1.1.1",
          "Microsoft.NETCore.Targets": "1.1.3"
        }
      },
      "FsLexYacc.Runtime": {
        "type": "Transitive",
        "resolved": "11.4.1",
        "contentHash": "BNLDgkJMztlyUgVV2SuECN5nPZK1C70g06r/dMKmyG7BbbLnQjTuCjAjrde0A5PLEKuVobIQAhuS7ljpoDX9aA==",
        "dependencies": {
          "FSharp.Core": "4.6.2"
        }
      },
      "Microsoft.NETCore.Platforms": {
        "type": "Transitive",
        "resolved": "1.1.1",
        "contentHash": "TMBuzAHpTenGbGgk0SMTwyEkyijY/Eae4ZGsFNYJvAr/LDn1ku3Etp3FPxChmDp5HHF3kzJuoaa08N0xjqAJfQ=="
      },
      "Microsoft.NETCore.Targets": {
        "type": "Transitive",
        "resolved": "1.1.3",
        "contentHash": "3Wrmi0kJDzClwAC+iBdUBpEKmEle8FQNsCs77fkiOIw/9oYA07bL1EZNX0kQ2OMN3xpwvl0vAtOCYY3ndDNlhQ=="
      },
      "System.Buffers": {
        "type": "Transitive",
        "resolved": "4.6.1",
        "contentHash": "N8GXpmiLMtljq7gwvyS+1QvKT/W2J8sNAvx+HVg4NGmsG/H+2k/y9QI23auLJRterrzCiDH+IWAw4V/GPwsMlw=="
      },
      "System.Numerics.Vectors": {
        "type": "Transitive",
        "resolved": "4.6.1",
        "contentHash": "sQxefTnhagrhoq2ReR0D/6K0zJcr9Hrd6kikeXsA1I8kOCboTavcUC4r7TSfpKFeE163uMuxZcyfO1mGO3EN8Q=="
      },
      "System.Runtime.CompilerServices.Unsafe": {
        "type": "Transitive",
        "resolved": "6.1.2",
        "contentHash": "2hBr6zdbIBTDE3EhK7NSVNdX58uTK6iHW/P/Axmm9sl1xoGSLqDvMtpecn226TNwHByFokYwJmt/aQQNlO5CRw=="
      }
    }
  }
}