{
  "version": 2,
  "dependencies": {
    "net6.0": {
      "Argu": {
        "type": "Direct",
        "requested": "[6.2.4, )",
        "resolved": "6.2.4",
        "contentHash": "RuANu8+L1P2HWozmbRXkj6MQGYwP5DL2wdARfBPtRjsLS8TSgwYjOKxMnY5LtjmHLlMBD3u2+MfbAy8xMGg8Qg==",
        "dependencies": {
          "FSharp.Core": "6.0.7",
          "System.Configuration.ConfigurationManager": "4.4.0"
        }
      },
      "DotNet.ReproducibleBuilds": {
        "type": "Direct",
        "requested": "[1.1.1, )",
        "resolved": "1.1.1",
        "contentHash": "+H2t/t34h6mhEoUvHi8yGXyuZ2GjSovcGYehJrS2MDm2XgmPfZL2Sdxg+uL2lKgZ4M6tTwKHIlxOob2bgh0NRQ==",
        "dependencies": {
          "Microsoft.SourceLink.AzureRepos.Git": "1.1.1",
          "Microsoft.SourceLink.Bitbucket.Git": "1.1.1",
          "Microsoft.SourceLink.GitHub": "1.1.1",
          "Microsoft.SourceLink.GitLab": "1.1.1"
        }
      },
      "editorconfig": {
        "type": "Direct",
        "requested": "[0.15.0, )",
        "resolved": "0.15.0",
        "contentHash": "NuUxFbycSCOhl0WzmNZ8ksSMrTHBFzTASkil+IOqXpqTXszokKjy6ihxMdjArGaC+AaLLq4nxfGVFLi6KWyFJg=="
      },
      "FSharp.Analyzers.Build": {
        "type": "Direct",
        "requested": "[0.3.0, )",
        "resolved": "0.3.0",
        "contentHash": "twj4mNJLOEjHK6OQJCAbix2d8ODG5RySASejQ/v2fLgoqyRqYsXmceFaXb17ZE1pNrfenjwv/xpR+GembufaZA=="
      },
      "FSharp.Core": {
        "type": "Direct",
        "requested": "[8.0.400, )",
        "resolved": "8.0.400",
        "contentHash": "kHMdDDmlZl98tujgHCmL8/HNH9VKbxsRMC9s7wbwr4noR40SSa5D4d00yF8cMK52s8jabVuiLLcrUw9r+PkKDQ=="
      },
      "G-Research.FSharp.Analyzers": {
        "type": "Direct",
        "requested": "[0.9.3, )",
        "resolved": "0.9.3",
        "contentHash": "V83sHl7ubgQ9HLjxto/rZbgNKGMMpHZ+E6tmWm1JAGfpNUaYWnKdAkpdKxxooHmE/804pIAPuVTpna5xLeX1dw=="
      },
      "Ignore": {
        "type": "Direct",
        "requested": "[0.1.50, )",
        "resolved": "0.1.50",
        "contentHash": "nr7/KaY5KP9QvCEf478w1k9Yz+dXQZKLEAsjfhIjuneScmyLvMKoItPL6OfkNODeCrINtHEBt8A7q7yETS1PQQ=="
      },
      "Ionide.Analyzers": {
        "type": "Direct",
        "requested": "[0.9.0, )",
        "resolved": "0.9.0",
        "contentHash": "yCJHdPHJef/Yl7iPED8lRoxPjM1HXx1tielT7lp40FxOKURiLGziyhxfZqbo4WTYVKdSxOJv3+s2+ArJYuirvg=="
      },
      "Ionide.KeepAChangelog.Tasks": {
        "type": "Direct",
        "requested": "[0.1.8, )",
        "resolved": "0.1.8",
        "contentHash": "hHUZIVz9BlF++B5w183c5HwbqSIXUtJU+lxhKz3ebQ5X8INBIWV7dS/FK8uSqSMUTYavuKkRRTZvJlbYXPUykg=="
      },
      "Serilog": {
        "type": "Direct",
        "requested": "[3.1.1, )",
        "resolved": "3.1.1",
        "contentHash": "P6G4/4Kt9bT635bhuwdXlJ2SCqqn2nhh4gqFqQueCOr9bK/e7W9ll/IoX1Ter948cV2Z/5+5v8pAfJYUISY03A=="
      },
      "Serilog.Sinks.Console": {
        "type": "Direct",
        "requested": "[5.0.1, )",
        "resolved": "5.0.1",
        "contentHash": "6Jt8jl9y2ey8VV7nVEUAyjjyxjAQuvd5+qj4XYAT9CwcsvR70HHULGBeD+K2WCALFXf7CFsNQT4lON6qXcu2AA==",
        "dependencies": {
          "Serilog": "3.1.1"
        }
      },
      "SerilogTraceListener": {
        "type": "Direct",
        "requested": "[3.2.1-dev-00011, )",
        "resolved": "3.2.1-dev-00011",
        "contentHash": "Lcd96moPFhTzFOJR+EIxu0PSzZPPoX1BGNfpm7ArJ4/3MnMw3iTblEJBn8EpcSzS66DJyiy+WaXVkE7fuHhU3A==",
        "dependencies": {
          "Serilog": "2.8.0"
        }
      },
      "Spectre.Console": {
        "type": "Direct",
        "requested": "[0.48.0, )",
        "resolved": "0.48.0",
        "contentHash": "4Mc1UT7Azgtyb8FyNwK5FZmoZbKuT5PmY7ZwaKUytjD5kGFMNBACpOZTwYtkuY377YkYtZYBeDDTJUwTW86QXw==",
        "dependencies": {
          "System.Memory": "4.5.5"
        }
      },
      "StreamJsonRpc": {
        "type": "Direct",
        "requested": "[2.8.28, )",
        "resolved": "2.8.28",
        "contentHash": "i2hKUXJSLEoWpPqQNyISqLDqmFHMiyasjTC/PrrHNWhQyauFeVoebSct3E4OTUzRC1DYjVJ9AMiVbp/uVYLnjQ==",
        "dependencies": {
          "MessagePack": "2.2.85",
          "Microsoft.Bcl.AsyncInterfaces": "5.0.0",
          "Microsoft.VisualStudio.Threading": "16.9.60",
          "Nerdbank.Streams": "2.6.81",
          "Newtonsoft.Json": "12.0.2",
          "System.Collections.Immutable": "5.0.0",
          "System.Diagnostics.DiagnosticSource": "5.0.1",
          "System.IO.Pipelines": "5.0.1",
          "System.Memory": "4.5.4",
          "System.Net.Http": "4.3.4",
          "System.Net.WebSockets": "4.3.0",
          "System.Reflection.Emit": "4.7.0",
          "System.Threading.Tasks.Dataflow": "5.0.0",
          "System.Threading.Tasks.Extensions": "4.5.4"
        }
      },
      "System.IO.Abstractions": {
        "type": "Direct",
        "requested": "[20.0.4, )",
        "resolved": "20.0.4",
        "contentHash": "Vv3DffYCM/DEQ7+9Dn7ydq852WSVtdeoLNlztIqaMAl4o6aALyAJQRTQ30d/3D7BVf5pALsGm22HYb4Y6h8xvw==",
        "dependencies": {
          "TestableIO.System.IO.Abstractions": "20.0.4",
          "TestableIO.System.IO.Abstractions.Wrappers": "20.0.4"
        }
      },
      "Thoth.Json.Net": {
        "type": "Direct",
        "requested": "[8.0.0, )",
        "resolved": "8.0.0",
        "contentHash": "C/b+8g/xUTJTn7pbKC4bMAOy2tyolXAuHTXguT5TNzDKQ6sjnUfFa9B81fTt9PuUOdWFLyRKlXASuFhSQciJGQ==",
        "dependencies": {
          "FSharp.Core": "4.7.2",
          "Fable.Core": "[3.0.0, 4.0.0)",
          "Newtonsoft.Json": "11.0.2"
        }
      },
      "Fable.Core": {
        "type": "Transitive",
        "resolved": "3.0.0",
        "contentHash": "pkCOWJKAkCk36f5+q4F3XqlfsgCJL6i2lTLl4ZZVDswn8rjXo21EBG/gJ296a88LVBkI5LL2VwxQYqGZncomJw==",
        "dependencies": {
          "FSharp.Core": "4.5.2"
        }
      },
      "MessagePack": {
        "type": "Transitive",
        "resolved": "2.2.85",
        "contentHash": "3SqAgwNV5LOf+ZapHmjQMUc7WDy/1ur9CfFNjgnfMZKCB5CxkVVbyHa06fObjGTEHZI7mcDathYjkI+ncr92ZQ==",
        "dependencies": {
          "MessagePack.Annotations": "2.2.85",
          "Microsoft.Bcl.AsyncInterfaces": "1.0.0",
          "System.Collections.Immutable": "1.5.0",
          "System.Memory": "4.5.3",
          "System.Reflection.Emit": "4.6.0",
          "System.Reflection.Emit.Lightweight": "4.6.0",
          "System.Runtime.CompilerServices.Unsafe": "4.5.2",
          "System.Threading.Tasks.Extensions": "4.5.3"
        }
      },
      "MessagePack.Annotations": {
        "type": "Transitive",
        "resolved": "2.2.85",
        "contentHash": "YptRsDCQK35K5FhmZ0LojW4t8I6DpetLfK5KG8PVY2f6h7/gdyr8f4++xdSEK/xS6XX7/GPvEpqszKVPksCsiQ=="
      },
      "Microsoft.Bcl.AsyncInterfaces": {
        "type": "Transitive",
        "resolved": "5.0.0",
        "contentHash": "W8DPQjkMScOMTtJbPwmPyj9c3zYSFGawDW3jwlBOOsnY+EzZFLgNQ/UMkK35JmkNOVPdCyPr2Tw7Vv9N+KA3ZQ=="
      },
      "Microsoft.Build.Tasks.Git": {
        "type": "Transitive",
        "resolved": "1.1.1",
        "contentHash": "AT3HlgTjsqHnWpBHSNeR0KxbLZD7bztlZVj7I8vgeYG9SYqbeFGh0TM/KVtC6fg53nrWHl3VfZFvb5BiQFcY6Q=="
      },
      "Microsoft.NETCore.Platforms": {
        "type": "Transitive",
        "resolved": "5.0.0",
        "contentHash": "VyPlqzH2wavqquTcYpkIIAQ6WdenuKoFN0BdYBbCWsclXacSOHNQn66Gt4z5NBqEYW0FAPm5rlvki9ZiCij5xQ=="
      },
      "Microsoft.NETCore.Targets": {
        "type": "Transitive",
        "resolved": "1.1.3",
        "contentHash": "3Wrmi0kJDzClwAC+iBdUBpEKmEle8FQNsCs77fkiOIw/9oYA07bL1EZNX0kQ2OMN3xpwvl0vAtOCYY3ndDNlhQ=="
      },
      "Microsoft.SourceLink.AzureRepos.Git": {
        "type": "Transitive",
        "resolved": "1.1.1",
        "contentHash": "qB5urvw9LO2bG3eVAkuL+2ughxz2rR7aYgm2iyrB8Rlk9cp2ndvGRCvehk3rNIhRuNtQaeKwctOl1KvWiklv5w==",
        "dependencies": {
          "Microsoft.Build.Tasks.Git": "1.1.1",
          "Microsoft.SourceLink.Common": "1.1.1"
        }
      },
      "Microsoft.SourceLink.Bitbucket.Git": {
        "type": "Transitive",
        "resolved": "1.1.1",
        "contentHash": "cDzxXwlyWpLWaH0em4Idj0H3AmVo3L/6xRXKssYemx+7W52iNskj/SQ4FOmfCb8YQt39otTDNMveCZzYtMoucQ==",
        "dependencies": {
          "Microsoft.Build.Tasks.Git": "1.1.1",
          "Microsoft.SourceLink.Common": "1.1.1"
        }
      },
      "Microsoft.SourceLink.Common": {
        "type": "Transitive",
        "resolved": "1.1.1",
        "contentHash": "WMcGpWKrmJmzrNeuaEb23bEMnbtR/vLmvZtkAP5qWu7vQsY59GqfRJd65sFpBszbd2k/bQ8cs8eWawQKAabkVg=="
      },
      "Microsoft.SourceLink.GitHub": {
        "type": "Transitive",
        "resolved": "1.1.1",
        "contentHash": "IaJGnOv/M7UQjRJks7B6p7pbPnOwisYGOIzqCz5ilGFTApZ3ktOR+6zJ12ZRPInulBmdAf1SrGdDG2MU8g6XTw==",
        "dependencies": {
          "Microsoft.Build.Tasks.Git": "1.1.1",
          "Microsoft.SourceLink.Common": "1.1.1"
        }
      },
      "Microsoft.SourceLink.GitLab": {
        "type": "Transitive",
        "resolved": "1.1.1",
        "contentHash": "tvsg47DDLqqedlPeYVE2lmiTpND8F0hkrealQ5hYltSmvruy/Gr5nHAKSsjyw5L3NeM/HLMI5ORv7on/M4qyZw==",
        "dependencies": {
          "Microsoft.Build.Tasks.Git": "1.1.1",
          "Microsoft.SourceLink.Common": "1.1.1"
        }
      },
      "Microsoft.VisualStudio.Threading": {
        "type": "Transitive",
        "resolved": "16.9.60",
        "contentHash": "9igpltD4NDMb1QeLiuAShr4inAG/MEm/GL0VE3tCUXQmwrfrbrmwrhAn5fXy2uiZ1g2s2qSUkyEvx7sp2h7M8Q==",
        "dependencies": {
          "Microsoft.Bcl.AsyncInterfaces": "5.0.0",
          "Microsoft.VisualStudio.Threading.Analyzers": "16.9.60",
          "Microsoft.VisualStudio.Validation": "16.8.33",
          "Microsoft.Win32.Registry": "5.0.0",
          "System.Threading.Tasks.Extensions": "4.5.4"
        }
      },
      "Microsoft.VisualStudio.Threading.Analyzers": {
        "type": "Transitive",
        "resolved": "16.9.60",
        "contentHash": "kbl+ra5Ao93lDar3A2vUSdfWiHMYBBsLM3Z6i/t6fH2iPHGyMTqvt3z20XCZ+L+1gcc8lpbhmkFS4rh+zwfsTg=="
      },
      "Microsoft.VisualStudio.Validation": {
        "type": "Transitive",
        "resolved": "16.8.33",
        "contentHash": "onzrXL8gsjht1knmmViGLTU3l1LIKoVLDL+gLN9Pdd+gclED9jLgxx/5X3mJHqETHMi7Va//hNCekiJ11LezSg=="
      },
      "Microsoft.Win32.Primitives": {
        "type": "Transitive",
        "resolved": "4.3.0",
        "contentHash": "9ZQKCWxH7Ijp9BfahvL2Zyf1cJIk8XYLF6Yjzr2yi0b2cOut/HQ31qf1ThHAgCc3WiZMdnWcfJCgN82/0UunxA==",
        "dependencies": {
          "Microsoft.NETCore.Platforms": "1.1.0",
          "Microsoft.NETCore.Targets": "1.1.0",
          "System.Runtime": "4.3.0"
        }
      },
      "Microsoft.Win32.Registry": {
        "type": "Transitive",
        "resolved": "5.0.0",
        "contentHash": "dDoKi0PnDz31yAyETfRntsLArTlVAVzUzCIvvEDsDsucrl33Dl8pIJG06ePTJTI3tGpeyHS9Cq7Foc/s4EeKcg==",
        "dependencies": {
          "System.Security.AccessControl": "5.0.0",
          "System.Security.Principal.Windows": "5.0.0"
        }
      },
      "Nerdbank.Streams": {
        "type": "Transitive",
        "resolved": "2.6.81",
        "contentHash": "htBHFE359qyyFwrvAGvFxrbBAoldZdl0XjtQdDWTJ8t5sWWs7QVXID5y1ZGJE61UgpV5CqWsj/NT0LOAn5GdZw==",
        "dependencies": {
          "Microsoft.Bcl.AsyncInterfaces": "1.1.1",
          "Microsoft.VisualStudio.Threading": "16.7.56",
          "Microsoft.VisualStudio.Validation": "15.5.31",
          "System.IO.Pipelines": "4.7.2",
          "System.Net.WebSockets": "4.3.0",
          "System.Runtime.CompilerServices.Unsafe": "4.7.1"
        }
      },
      "runtime.debian.8-x64.runtime.native.System.Security.Cryptography.OpenSsl": {
        "type": "Transitive",
        "resolved": "4.3.2",
        "contentHash": "7VSGO0URRKoMEAq0Sc9cRz8mb6zbyx/BZDEWhgPdzzpmFhkam3fJ1DAGWFXBI4nGlma+uPKpfuMQP5LXRnOH5g=="
      },
      "runtime.fedora.23-x64.runtime.native.System.Security.Cryptography.OpenSsl": {
        "type": "Transitive",
        "resolved": "4.3.2",
        "contentHash": "0oAaTAm6e2oVH+/Zttt0cuhGaePQYKII1dY8iaqP7CvOpVKgLybKRFvQjXR2LtxXOXTVPNv14j0ot8uV+HrUmw=="
      },
      "runtime.fedora.24-x64.runtime.native.System.Security.Cryptography.OpenSsl": {
        "type": "Transitive",
        "resolved": "4.3.2",
        "contentHash": "G24ibsCNi5Kbz0oXWynBoRgtGvsw5ZSVEWjv13/KiCAM8C6wz9zzcCniMeQFIkJ2tasjo2kXlvlBZhplL51kGg=="
      },
      "runtime.native.System": {
        "type": "Transitive",
        "resolved": "4.3.0",
        "contentHash": "c/qWt2LieNZIj1jGnVNsE2Kl23Ya2aSTBuXMD6V7k9KWr6l16Tqdwq+hJScEpWER9753NWC8h96PaVNY5Ld7Jw==",
        "dependencies": {
          "Microsoft.NETCore.Platforms": "1.1.0",
          "Microsoft.NETCore.Targets": "1.1.0"
        }
      },
      "runtime.native.System.Net.Http": {
        "type": "Transitive",
        "resolved": "4.3.0",
        "contentHash": "ZVuZJqnnegJhd2k/PtAbbIcZ3aZeITq3sj06oKfMBSfphW3HDmk/t4ObvbOk/JA/swGR0LNqMksAh/f7gpTROg==",
        "dependencies": {
          "Microsoft.NETCore.Platforms": "1.1.0",
          "Microsoft.NETCore.Targets": "1.1.0"
        }
      },
      "runtime.native.System.Security.Cryptography.Apple": {
        "type": "Transitive",
        "resolved": "4.3.0",
        "contentHash": "DloMk88juo0OuOWr56QG7MNchmafTLYWvABy36izkrLI5VledI0rq28KGs1i9wbpeT9NPQrx/wTf8U2vazqQ3Q==",
        "dependencies": {
          "runtime.osx.10.10-x64.runtime.native.System.Security.Cryptography.Apple": "4.3.0"
        }
      },
      "runtime.native.System.Security.Cryptography.OpenSsl": {
        "type": "Transitive",
        "resolved": "4.3.2",
        "contentHash": "QR1OwtwehHxSeQvZKXe+iSd+d3XZNkEcuWMFYa2i0aG1l+lR739HPicKMlTbJst3spmeekDVBUS7SeS26s4U/g==",
        "dependencies": {
          "runtime.debian.8-x64.runtime.native.System.Security.Cryptography.OpenSsl": "4.3.2",
          "runtime.fedora.23-x64.runtime.native.System.Security.Cryptography.OpenSsl": "4.3.2",
          "runtime.fedora.24-x64.runtime.native.System.Security.Cryptography.OpenSsl": "4.3.2",
          "runtime.opensuse.13.2-x64.runtime.native.System.Security.Cryptography.OpenSsl": "4.3.2",
          "runtime.opensuse.42.1-x64.runtime.native.System.Security.Cryptography.OpenSsl": "4.3.2",
          "runtime.osx.10.10-x64.runtime.native.System.Security.Cryptography.OpenSsl": "4.3.2",
          "runtime.rhel.7-x64.runtime.native.System.Security.Cryptography.OpenSsl": "4.3.2",
          "runtime.ubuntu.14.04-x64.runtime.native.System.Security.Cryptography.OpenSsl": "4.3.2",
          "runtime.ubuntu.16.04-x64.runtime.native.System.Security.Cryptography.OpenSsl": "4.3.2",
          "runtime.ubuntu.16.10-x64.runtime.native.System.Security.Cryptography.OpenSsl": "4.3.2"
        }
      },
      "runtime.opensuse.13.2-x64.runtime.native.System.Security.Cryptography.OpenSsl": {
        "type": "Transitive",
        "resolved": "4.3.2",
        "contentHash": "I+GNKGg2xCHueRd1m9PzeEW7WLbNNLznmTuEi8/vZX71HudUbx1UTwlGkiwMri7JLl8hGaIAWnA/GONhu+LOyQ=="
      },
      "runtime.opensuse.42.1-x64.runtime.native.System.Security.Cryptography.OpenSsl": {
        "type": "Transitive",
        "resolved": "4.3.2",
        "contentHash": "1Z3TAq1ytS1IBRtPXJvEUZdVsfWfeNEhBkbiOCGEl9wwAfsjP2lz3ZFDx5tq8p60/EqbS0HItG5piHuB71RjoA=="
      },
      "runtime.osx.10.10-x64.runtime.native.System.Security.Cryptography.Apple": {
        "type": "Transitive",
        "resolved": "4.3.0",
        "contentHash": "kVXCuMTrTlxq4XOOMAysuNwsXWpYeboGddNGpIgNSZmv1b6r/s/DPk0fYMB7Q5Qo4bY68o48jt4T4y5BVecbCQ=="
      },
      "runtime.osx.10.10-x64.runtime.native.System.Security.Cryptography.OpenSsl": {
        "type": "Transitive",
        "resolved": "4.3.2",
        "contentHash": "6mU/cVmmHtQiDXhnzUImxIcDL48GbTk+TsptXyJA+MIOG9LRjPoAQC/qBFB7X+UNyK86bmvGwC8t+M66wsYC8w=="
      },
      "runtime.rhel.7-x64.runtime.native.System.Security.Cryptography.OpenSsl": {
        "type": "Transitive",
        "resolved": "4.3.2",
        "contentHash": "vjwG0GGcTW/PPg6KVud8F9GLWYuAV1rrw1BKAqY0oh4jcUqg15oYF1+qkGR2x2ZHM4DQnWKQ7cJgYbfncz/lYg=="
      },
      "runtime.ubuntu.14.04-x64.runtime.native.System.Security.Cryptography.OpenSsl": {
        "type": "Transitive",
        "resolved": "4.3.2",
        "contentHash": "7KMFpTkHC/zoExs+PwP8jDCWcrK9H6L7soowT80CUx3e+nxP/AFnq0AQAW5W76z2WYbLAYCRyPfwYFG6zkvQRw=="
      },
      "runtime.ubuntu.16.04-x64.runtime.native.System.Security.Cryptography.OpenSsl": {
        "type": "Transitive",
        "resolved": "4.3.2",
        "contentHash": "xrlmRCnKZJLHxyyLIqkZjNXqgxnKdZxfItrPkjI+6pkRo5lHX8YvSZlWrSI5AVwLMi4HbNWP7064hcAWeZKp5w=="
      },
      "runtime.ubuntu.16.10-x64.runtime.native.System.Security.Cryptography.OpenSsl": {
        "type": "Transitive",
        "resolved": "4.3.2",
        "contentHash": "leXiwfiIkW7Gmn7cgnNcdtNAU70SjmKW3jxGj1iKHOvdn0zRWsgv/l2OJUO5zdGdiv2VRFnAsxxhDgMzofPdWg=="
      },
      "System.Collections": {
        "type": "Transitive",
        "resolved": "4.3.0",
        "contentHash": "3Dcj85/TBdVpL5Zr+gEEBUuFe2icOnLalmEh9hfck1PTYbbyWuZgh4fmm2ysCLTrqLQw6t3TgTyJ+VLp+Qb+Lw==",
        "dependencies": {
          "Microsoft.NETCore.Platforms": "1.1.0",
          "Microsoft.NETCore.Targets": "1.1.0",
          "System.Runtime": "4.3.0"
        }
      },
      "System.Collections.Concurrent": {
        "type": "Transitive",
        "resolved": "4.3.0",
        "contentHash": "ztl69Xp0Y/UXCL+3v3tEU+lIy+bvjKNUmopn1wep/a291pVPK7dxBd6T7WnlQqRog+d1a/hSsgRsmFnIBKTPLQ==",
        "dependencies": {
          "System.Collections": "4.3.0",
          "System.Diagnostics.Debug": "4.3.0",
          "System.Diagnostics.Tracing": "4.3.0",
          "System.Globalization": "4.3.0",
          "System.Reflection": "4.3.0",
          "System.Resources.ResourceManager": "4.3.0",
          "System.Runtime": "4.3.0",
          "System.Runtime.Extensions": "4.3.0",
          "System.Threading": "4.3.0",
          "System.Threading.Tasks": "4.3.0"
        }
      },
      "System.Configuration.ConfigurationManager": {
        "type": "Transitive",
        "resolved": "4.4.0",
        "contentHash": "gWwQv/Ug1qWJmHCmN17nAbxJYmQBM/E94QxKLksvUiiKB1Ld3Sc/eK1lgmbSjDFxkQhVuayI/cGFZhpBSodLrg==",
        "dependencies": {
          "System.Security.Cryptography.ProtectedData": "4.4.0"
        }
      },
      "System.Diagnostics.Debug": {
        "type": "Transitive",
        "resolved": "4.3.0",
        "contentHash": "ZUhUOdqmaG5Jk3Xdb8xi5kIyQYAA4PnTNlHx1mu9ZY3qv4ELIdKbnL/akbGaKi2RnNUWaZsAs31rvzFdewTj2g==",
        "dependencies": {
          "Microsoft.NETCore.Platforms": "1.1.0",
          "Microsoft.NETCore.Targets": "1.1.0",
          "System.Runtime": "4.3.0"
        }
      },
      "System.Diagnostics.Tracing": {
        "type": "Transitive",
        "resolved": "4.3.0",
        "contentHash": "rswfv0f/Cqkh78rA5S8eN8Neocz234+emGCtTF3lxPY96F+mmmUen6tbn0glN6PMvlKQb9bPAY5e9u7fgPTkKw==",
        "dependencies": {
          "Microsoft.NETCore.Platforms": "1.1.0",
          "Microsoft.NETCore.Targets": "1.1.0",
          "System.Runtime": "4.3.0"
        }
      },
      "System.Globalization": {
        "type": "Transitive",
        "resolved": "4.3.0",
        "contentHash": "kYdVd2f2PAdFGblzFswE4hkNANJBKRmsfa2X5LG2AcWE1c7/4t0pYae1L8vfZ5xvE2nK/R9JprtToA61OSHWIg==",
        "dependencies": {
          "Microsoft.NETCore.Platforms": "1.1.0",
          "Microsoft.NETCore.Targets": "1.1.0",
          "System.Runtime": "4.3.0"
        }
      },
      "System.Globalization.Calendars": {
        "type": "Transitive",
        "resolved": "4.3.0",
        "contentHash": "GUlBtdOWT4LTV3I+9/PJW+56AnnChTaOqqTLFtdmype/L500M2LIyXgmtd9X2P2VOkmJd5c67H5SaC2QcL1bFA==",
        "dependencies": {
          "Microsoft.NETCore.Platforms": "1.1.0",
          "Microsoft.NETCore.Targets": "1.1.0",
          "System.Globalization": "4.3.0",
          "System.Runtime": "4.3.0"
        }
      },
      "System.Globalization.Extensions": {
        "type": "Transitive",
        "resolved": "4.3.0",
        "contentHash": "FhKmdR6MPG+pxow6wGtNAWdZh7noIOpdD5TwQ3CprzgIE1bBBoim0vbR1+AWsWjQmU7zXHgQo4TWSP6lCeiWcQ==",
        "dependencies": {
          "Microsoft.NETCore.Platforms": "1.1.0",
          "System.Globalization": "4.3.0",
          "System.Resources.ResourceManager": "4.3.0",
          "System.Runtime": "4.3.0",
          "System.Runtime.Extensions": "4.3.0",
          "System.Runtime.InteropServices": "4.3.0"
        }
      },
      "System.IO": {
        "type": "Transitive",
        "resolved": "4.3.0",
        "contentHash": "3qjaHvxQPDpSOYICjUoTsmoq5u6QJAFRUITgeT/4gqkF1bajbSmb1kwSxEA8AHlofqgcKJcM8udgieRNhaJ5Cg==",
        "dependencies": {
          "Microsoft.NETCore.Platforms": "1.1.0",
          "Microsoft.NETCore.Targets": "1.1.0",
          "System.Runtime": "4.3.0",
          "System.Text.Encoding": "4.3.0",
          "System.Threading.Tasks": "4.3.0"
        }
      },
      "System.IO.FileSystem": {
        "type": "Transitive",
        "resolved": "4.3.0",
        "contentHash": "3wEMARTnuio+ulnvi+hkRNROYwa1kylvYahhcLk4HSoVdl+xxTFVeVlYOfLwrDPImGls0mDqbMhrza8qnWPTdA==",
        "dependencies": {
          "Microsoft.NETCore.Platforms": "1.1.0",
          "Microsoft.NETCore.Targets": "1.1.0",
          "System.IO": "4.3.0",
          "System.IO.FileSystem.Primitives": "4.3.0",
          "System.Runtime": "4.3.0",
          "System.Runtime.Handles": "4.3.0",
          "System.Text.Encoding": "4.3.0",
          "System.Threading.Tasks": "4.3.0"
        }
      },
      "System.IO.FileSystem.Primitives": {
        "type": "Transitive",
        "resolved": "4.3.0",
        "contentHash": "6QOb2XFLch7bEc4lIcJH49nJN2HV+OC3fHDgsLVsBVBk3Y4hFAnOBGzJ2lUu7CyDDFo9IBWkSsnbkT6IBwwiMw==",
        "dependencies": {
          "System.Runtime": "4.3.0"
        }
      },
      "System.IO.Pipelines": {
        "type": "Transitive",
        "resolved": "5.0.1",
        "contentHash": "qEePWsaq9LoEEIqhbGe6D5J8c9IqQOUuTzzV6wn1POlfdLkJliZY3OlB0j0f17uMWlqZYjH7txj+2YbyrIA8Yg=="
      },
      "System.Linq": {
        "type": "Transitive",
        "resolved": "4.3.0",
        "contentHash": "5DbqIUpsDp0dFftytzuMmc0oeMdQwjcP/EWxsksIz/w1TcFRkZ3yKKz0PqiYFMmEwPSWw+qNVqD7PJ889JzHbw==",
        "dependencies": {
          "System.Collections": "4.3.0",
          "System.Diagnostics.Debug": "4.3.0",
          "System.Resources.ResourceManager": "4.3.0",
          "System.Runtime": "4.3.0",
          "System.Runtime.Extensions": "4.3.0"
        }
      },
      "System.Net.Http": {
        "type": "Transitive",
        "resolved": "4.3.4",
        "contentHash": "aOa2d51SEbmM+H+Csw7yJOuNZoHkrP2XnAurye5HWYgGVVU54YZDvsLUYRv6h18X3sPnjNCANmN7ZhIPiqMcjA==",
        "dependencies": {
          "Microsoft.NETCore.Platforms": "1.1.1",
          "System.Collections": "4.3.0",
          "System.Diagnostics.Debug": "4.3.0",
          "System.Diagnostics.DiagnosticSource": "4.3.0",
          "System.Diagnostics.Tracing": "4.3.0",
          "System.Globalization": "4.3.0",
          "System.Globalization.Extensions": "4.3.0",
          "System.IO": "4.3.0",
          "System.IO.FileSystem": "4.3.0",
          "System.Net.Primitives": "4.3.0",
          "System.Resources.ResourceManager": "4.3.0",
          "System.Runtime": "4.3.0",
          "System.Runtime.Extensions": "4.3.0",
          "System.Runtime.Handles": "4.3.0",
          "System.Runtime.InteropServices": "4.3.0",
          "System.Security.Cryptography.Algorithms": "4.3.0",
          "System.Security.Cryptography.Encoding": "4.3.0",
          "System.Security.Cryptography.OpenSsl": "4.3.0",
          "System.Security.Cryptography.Primitives": "4.3.0",
          "System.Security.Cryptography.X509Certificates": "4.3.0",
          "System.Text.Encoding": "4.3.0",
          "System.Threading": "4.3.0",
          "System.Threading.Tasks": "4.3.0",
          "runtime.native.System": "4.3.0",
          "runtime.native.System.Net.Http": "4.3.0",
          "runtime.native.System.Security.Cryptography.OpenSsl": "4.3.2"
        }
      },
      "System.Net.Primitives": {
        "type": "Transitive",
        "resolved": "4.3.0",
        "contentHash": "qOu+hDwFwoZPbzPvwut2qATe3ygjeQBDQj91xlsaqGFQUI5i4ZnZb8yyQuLGpDGivEPIt8EJkd1BVzVoP31FXA==",
        "dependencies": {
          "Microsoft.NETCore.Platforms": "1.1.0",
          "Microsoft.NETCore.Targets": "1.1.0",
          "System.Runtime": "4.3.0",
          "System.Runtime.Handles": "4.3.0"
        }
      },
      "System.Net.WebSockets": {
        "type": "Transitive",
        "resolved": "4.3.0",
        "contentHash": "u6fFNY5q4T8KerUAVbya7bR6b7muBuSTAersyrihkcmE5QhEOiH3t5rh4il15SexbVlpXFHGuMwr/m8fDrnkQg==",
        "dependencies": {
          "Microsoft.Win32.Primitives": "4.3.0",
          "System.Resources.ResourceManager": "4.3.0",
          "System.Runtime": "4.3.0",
          "System.Threading.Tasks": "4.3.0"
        }
      },
      "System.Reflection": {
        "type": "Transitive",
        "resolved": "4.3.0",
        "contentHash": "KMiAFoW7MfJGa9nDFNcfu+FpEdiHpWgTcS2HdMpDvt9saK3y/G4GwprPyzqjFH9NTaGPQeWNHU+iDlDILj96aQ==",
        "dependencies": {
          "Microsoft.NETCore.Platforms": "1.1.0",
          "Microsoft.NETCore.Targets": "1.1.0",
          "System.IO": "4.3.0",
          "System.Reflection.Primitives": "4.3.0",
          "System.Runtime": "4.3.0"
        }
      },
      "System.Reflection.Emit": {
        "type": "Transitive",
        "resolved": "4.7.0",
        "contentHash": "VR4kk8XLKebQ4MZuKuIni/7oh+QGFmZW3qORd1GvBq/8026OpW501SzT/oypwiQl4TvT8ErnReh/NzY9u+C6wQ=="
      },
      "System.Reflection.Emit.Lightweight": {
        "type": "Transitive",
        "resolved": "4.6.0",
        "contentHash": "j/V5HVvxvBQ7uubYD0PptQW2KGsi1Pc2kZ9yfwLixv3ADdjL/4M78KyC5e+ymW612DY8ZE4PFoZmWpoNmN2mqg=="
      },
      "System.Reflection.Primitives": {
        "type": "Transitive",
        "resolved": "4.3.0",
        "contentHash": "5RXItQz5As4xN2/YUDxdpsEkMhvw3e6aNveFXUn4Hl/udNTCNhnKp8lT9fnc3MhvGKh1baak5CovpuQUXHAlIA==",
        "dependencies": {
          "Microsoft.NETCore.Platforms": "1.1.0",
          "Microsoft.NETCore.Targets": "1.1.0",
          "System.Runtime": "4.3.0"
        }
      },
      "System.Resources.ResourceManager": {
        "type": "Transitive",
        "resolved": "4.3.0",
        "contentHash": "/zrcPkkWdZmI4F92gL/TPumP98AVDu/Wxr3CSJGQQ+XN6wbRZcyfSKVoPo17ilb3iOr0cCRqJInGwNMolqhS8A==",
        "dependencies": {
          "Microsoft.NETCore.Platforms": "1.1.0",
          "Microsoft.NETCore.Targets": "1.1.0",
          "System.Globalization": "4.3.0",
          "System.Reflection": "4.3.0",
          "System.Runtime": "4.3.0"
        }
      },
      "System.Runtime.CompilerServices.Unsafe": {
        "type": "Transitive",
        "resolved": "6.0.0",
        "contentHash": "/iUeP3tq1S0XdNNoMz5C9twLSrM/TH+qElHkXWaPvuNOt+99G75NrV0OS2EqHx5wMN7popYjpc8oTjC1y16DLg=="
      },
      "System.Runtime.Extensions": {
        "type": "Transitive",
        "resolved": "4.3.0",
        "contentHash": "guW0uK0fn5fcJJ1tJVXYd7/1h5F+pea1r7FLSOz/f8vPEqbR2ZAknuRDvTQ8PzAilDveOxNjSfr0CHfIQfFk8g==",
        "dependencies": {
          "Microsoft.NETCore.Platforms": "1.1.0",
          "Microsoft.NETCore.Targets": "1.1.0",
          "System.Runtime": "4.3.0"
        }
      },
      "System.Runtime.Handles": {
        "type": "Transitive",
        "resolved": "4.3.0",
        "contentHash": "OKiSUN7DmTWeYb3l51A7EYaeNMnvxwE249YtZz7yooT4gOZhmTjIn48KgSsw2k2lYdLgTKNJw/ZIfSElwDRVgg==",
        "dependencies": {
          "Microsoft.NETCore.Platforms": "1.1.0",
          "Microsoft.NETCore.Targets": "1.1.0",
          "System.Runtime": "4.3.0"
        }
      },
      "System.Runtime.InteropServices": {
        "type": "Transitive",
        "resolved": "4.3.0",
        "contentHash": "uv1ynXqiMK8mp1GM3jDqPCFN66eJ5w5XNomaK2XD+TuCroNTLFGeZ+WCmBMcBDyTFKou3P6cR6J/QsaqDp7fGQ==",
        "dependencies": {
          "Microsoft.NETCore.Platforms": "1.1.0",
          "Microsoft.NETCore.Targets": "1.1.0",
          "System.Reflection": "4.3.0",
          "System.Reflection.Primitives": "4.3.0",
          "System.Runtime": "4.3.0",
          "System.Runtime.Handles": "4.3.0"
        }
      },
      "System.Runtime.Numerics": {
        "type": "Transitive",
        "resolved": "4.3.0",
        "contentHash": "yMH+MfdzHjy17l2KESnPiF2dwq7T+xLnSJar7slyimAkUh/gTrS9/UQOtv7xarskJ2/XDSNvfLGOBQPjL7PaHQ==",
        "dependencies": {
          "System.Globalization": "4.3.0",
          "System.Resources.ResourceManager": "4.3.0",
          "System.Runtime": "4.3.0",
          "System.Runtime.Extensions": "4.3.0"
        }
      },
      "System.Security.AccessControl": {
        "type": "Transitive",
        "resolved": "5.0.0",
        "contentHash": "dagJ1mHZO3Ani8GH0PHpPEe/oYO+rVdbQjvjJkBRNQkX4t0r1iaeGn8+/ybkSLEan3/slM0t59SVdHzuHf2jmw==",
        "dependencies": {
          "Microsoft.NETCore.Platforms": "5.0.0",
          "System.Security.Principal.Windows": "5.0.0"
        }
      },
      "System.Security.Cryptography.Algorithms": {
        "type": "Transitive",
        "resolved": "4.3.0",
        "contentHash": "W1kd2Y8mYSCgc3ULTAZ0hOP2dSdG5YauTb1089T0/kRcN2MpSAW1izOFROrJgxSlMn3ArsgHXagigyi+ibhevg==",
        "dependencies": {
          "Microsoft.NETCore.Platforms": "1.1.0",
          "System.Collections": "4.3.0",
          "System.IO": "4.3.0",
          "System.Resources.ResourceManager": "4.3.0",
          "System.Runtime": "4.3.0",
          "System.Runtime.Extensions": "4.3.0",
          "System.Runtime.Handles": "4.3.0",
          "System.Runtime.InteropServices": "4.3.0",
          "System.Runtime.Numerics": "4.3.0",
          "System.Security.Cryptography.Encoding": "4.3.0",
          "System.Security.Cryptography.Primitives": "4.3.0",
          "System.Text.Encoding": "4.3.0",
          "runtime.native.System.Security.Cryptography.Apple": "4.3.0",
          "runtime.native.System.Security.Cryptography.OpenSsl": "4.3.0"
        }
      },
      "System.Security.Cryptography.Cng": {
        "type": "Transitive",
        "resolved": "4.3.0",
        "contentHash": "03idZOqFlsKRL4W+LuCpJ6dBYDUWReug6lZjBa3uJWnk5sPCUXckocevTaUA8iT/MFSrY/2HXkOt753xQ/cf8g==",
        "dependencies": {
          "Microsoft.NETCore.Platforms": "1.1.0",
          "System.IO": "4.3.0",
          "System.Resources.ResourceManager": "4.3.0",
          "System.Runtime": "4.3.0",
          "System.Runtime.Extensions": "4.3.0",
          "System.Runtime.Handles": "4.3.0",
          "System.Runtime.InteropServices": "4.3.0",
          "System.Security.Cryptography.Algorithms": "4.3.0",
          "System.Security.Cryptography.Encoding": "4.3.0",
          "System.Security.Cryptography.Primitives": "4.3.0",
          "System.Text.Encoding": "4.3.0"
        }
      },
      "System.Security.Cryptography.Csp": {
        "type": "Transitive",
        "resolved": "4.3.0",
        "contentHash": "X4s/FCkEUnRGnwR3aSfVIkldBmtURMhmexALNTwpjklzxWU7yjMk7GHLKOZTNkgnWnE0q7+BCf9N2LVRWxewaA==",
        "dependencies": {
          "Microsoft.NETCore.Platforms": "1.1.0",
          "System.IO": "4.3.0",
          "System.Reflection": "4.3.0",
          "System.Resources.ResourceManager": "4.3.0",
          "System.Runtime": "4.3.0",
          "System.Runtime.Extensions": "4.3.0",
          "System.Runtime.Handles": "4.3.0",
          "System.Runtime.InteropServices": "4.3.0",
          "System.Security.Cryptography.Algorithms": "4.3.0",
          "System.Security.Cryptography.Encoding": "4.3.0",
          "System.Security.Cryptography.Primitives": "4.3.0",
          "System.Text.Encoding": "4.3.0",
          "System.Threading": "4.3.0"
        }
      },
      "System.Security.Cryptography.Encoding": {
        "type": "Transitive",
        "resolved": "4.3.0",
        "contentHash": "1DEWjZZly9ae9C79vFwqaO5kaOlI5q+3/55ohmq/7dpDyDfc8lYe7YVxJUZ5MF/NtbkRjwFRo14yM4OEo9EmDw==",
        "dependencies": {
          "Microsoft.NETCore.Platforms": "1.1.0",
          "System.Collections": "4.3.0",
          "System.Collections.Concurrent": "4.3.0",
          "System.Linq": "4.3.0",
          "System.Resources.ResourceManager": "4.3.0",
          "System.Runtime": "4.3.0",
          "System.Runtime.Extensions": "4.3.0",
          "System.Runtime.Handles": "4.3.0",
          "System.Runtime.InteropServices": "4.3.0",
          "System.Security.Cryptography.Primitives": "4.3.0",
          "System.Text.Encoding": "4.3.0",
          "runtime.native.System.Security.Cryptography.OpenSsl": "4.3.0"
        }
      },
      "System.Security.Cryptography.OpenSsl": {
        "type": "Transitive",
        "resolved": "4.3.0",
        "contentHash": "h4CEgOgv5PKVF/HwaHzJRiVboL2THYCou97zpmhjghx5frc7fIvlkY1jL+lnIQyChrJDMNEXS6r7byGif8Cy4w==",
        "dependencies": {
          "System.Collections": "4.3.0",
          "System.IO": "4.3.0",
          "System.Resources.ResourceManager": "4.3.0",
          "System.Runtime": "4.3.0",
          "System.Runtime.Extensions": "4.3.0",
          "System.Runtime.Handles": "4.3.0",
          "System.Runtime.InteropServices": "4.3.0",
          "System.Runtime.Numerics": "4.3.0",
          "System.Security.Cryptography.Algorithms": "4.3.0",
          "System.Security.Cryptography.Encoding": "4.3.0",
          "System.Security.Cryptography.Primitives": "4.3.0",
          "System.Text.Encoding": "4.3.0",
          "runtime.native.System.Security.Cryptography.OpenSsl": "4.3.0"
        }
      },
      "System.Security.Cryptography.Primitives": {
        "type": "Transitive",
        "resolved": "4.3.0",
        "contentHash": "7bDIyVFNL/xKeFHjhobUAQqSpJq9YTOpbEs6mR233Et01STBMXNAc/V+BM6dwYGc95gVh/Zf+iVXWzj3mE8DWg==",
        "dependencies": {
          "System.Diagnostics.Debug": "4.3.0",
          "System.Globalization": "4.3.0",
          "System.IO": "4.3.0",
          "System.Resources.ResourceManager": "4.3.0",
          "System.Runtime": "4.3.0",
          "System.Threading": "4.3.0",
          "System.Threading.Tasks": "4.3.0"
        }
      },
      "System.Security.Cryptography.ProtectedData": {
        "type": "Transitive",
        "resolved": "4.4.0",
        "contentHash": "cJV7ScGW7EhatRsjehfvvYVBvtiSMKgN8bOVI0bQhnF5bU7vnHVIsH49Kva7i7GWaWYvmEzkYVk1TC+gZYBEog=="
      },
      "System.Security.Cryptography.X509Certificates": {
        "type": "Transitive",
        "resolved": "4.3.0",
        "contentHash": "t2Tmu6Y2NtJ2um0RtcuhP7ZdNNxXEgUm2JeoA/0NvlMjAhKCnM1NX07TDl3244mVp3QU6LPEhT3HTtH1uF7IYw==",
        "dependencies": {
          "Microsoft.NETCore.Platforms": "1.1.0",
          "System.Collections": "4.3.0",
          "System.Diagnostics.Debug": "4.3.0",
          "System.Globalization": "4.3.0",
          "System.Globalization.Calendars": "4.3.0",
          "System.IO": "4.3.0",
          "System.IO.FileSystem": "4.3.0",
          "System.IO.FileSystem.Primitives": "4.3.0",
          "System.Resources.ResourceManager": "4.3.0",
          "System.Runtime": "4.3.0",
          "System.Runtime.Extensions": "4.3.0",
          "System.Runtime.Handles": "4.3.0",
          "System.Runtime.InteropServices": "4.3.0",
          "System.Runtime.Numerics": "4.3.0",
          "System.Security.Cryptography.Algorithms": "4.3.0",
          "System.Security.Cryptography.Cng": "4.3.0",
          "System.Security.Cryptography.Csp": "4.3.0",
          "System.Security.Cryptography.Encoding": "4.3.0",
          "System.Security.Cryptography.OpenSsl": "4.3.0",
          "System.Security.Cryptography.Primitives": "4.3.0",
          "System.Text.Encoding": "4.3.0",
          "System.Threading": "4.3.0",
          "runtime.native.System": "4.3.0",
          "runtime.native.System.Net.Http": "4.3.0",
          "runtime.native.System.Security.Cryptography.OpenSsl": "4.3.0"
        }
      },
      "System.Security.Principal.Windows": {
        "type": "Transitive",
        "resolved": "5.0.0",
        "contentHash": "t0MGLukB5WAVU9bO3MGzvlGnyJPgUlcwerXn1kzBRjwLKixT96XV0Uza41W49gVd8zEMFu9vQEFlv0IOrytICA=="
      },
      "System.Text.Encoding": {
        "type": "Transitive",
        "resolved": "4.3.0",
        "contentHash": "BiIg+KWaSDOITze6jGQynxg64naAPtqGHBwDrLaCtixsa5bKiR8dpPOHA7ge3C0JJQizJE+sfkz1wV+BAKAYZw==",
        "dependencies": {
          "Microsoft.NETCore.Platforms": "1.1.0",
          "Microsoft.NETCore.Targets": "1.1.0",
          "System.Runtime": "4.3.0"
        }
      },
      "System.Threading": {
        "type": "Transitive",
        "resolved": "4.3.0",
        "contentHash": "VkUS0kOBcUf3Wwm0TSbrevDDZ6BlM+b/HRiapRFWjM5O0NS0LviG0glKmFK+hhPDd1XFeSdU1GmlLhb2CoVpIw==",
        "dependencies": {
          "System.Runtime": "4.3.0",
          "System.Threading.Tasks": "4.3.0"
        }
      },
      "System.Threading.Tasks": {
        "type": "Transitive",
        "resolved": "4.3.0",
        "contentHash": "LbSxKEdOUhVe8BezB/9uOGGppt+nZf6e1VFyw6v3DN6lqitm0OSn2uXMOdtP0M3W4iMcqcivm2J6UgqiwwnXiA==",
        "dependencies": {
          "Microsoft.NETCore.Platforms": "1.1.0",
          "Microsoft.NETCore.Targets": "1.1.0",
          "System.Runtime": "4.3.0"
        }
      },
      "System.Threading.Tasks.Dataflow": {
        "type": "Transitive",
        "resolved": "5.0.0",
        "contentHash": "NBp0zSAMZp4muDje6XmbDfmkqw9+qsDCHp+YMEtnVgHEjQZ3Q7MzFTTp3eHqpExn4BwMrS7JkUVOTcVchig4Sw=="
      },
      "System.Threading.Tasks.Extensions": {
        "type": "Transitive",
        "resolved": "4.5.4",
        "contentHash": "zteT+G8xuGu6mS+mzDzYXbzS7rd3K6Fjb9RiZlYlJPam2/hU7JCBZBVEcywNuR+oZ1ncTvc/cq0faRr3P01OVg=="
      },
      "TestableIO.System.IO.Abstractions": {
        "type": "Transitive",
        "resolved": "20.0.4",
        "contentHash": "zvuE3an8qmEjlz72ZKyW/gBZprR0TMTDxuw77i1OXi5wEagXRhHwP4lOaLvHIXNlwyCAmdmei6iLHsfsZcuUAA=="
      },
      "TestableIO.System.IO.Abstractions.Wrappers": {
        "type": "Transitive",
        "resolved": "20.0.4",
        "contentHash": "LbVaZauZfCkcGmHyPhQ2yiKv5GQqTvMViPYd3NjU1tGxp0N2p7Oc6Q/2trN6ZNIZCr42ujJdYUB63hE4mtsHRQ==",
        "dependencies": {
          "TestableIO.System.IO.Abstractions": "20.0.4"
        }
      },
      "fantomas.client": {
        "type": "Project",
        "dependencies": {
          "FSharp.Core": "[5.0.1, )",
          "SemanticVersioning": "[2.0.2, )",
          "StreamJsonRpc": "[2.8.28, )"
        }
      },
      "fantomas.core": {
        "type": "Project",
        "dependencies": {
          "FSharp.Core": "[8.0.400, )",
          "Fantomas.FCS": "[1.0.0, )"
        }
      },
      "fantomas.fcs": {
        "type": "Project",
        "dependencies": {
          "FSharp.Core": "[8.0.400, )",
          "System.Collections.Immutable": "[7.0.0, )",
          "System.Diagnostics.DiagnosticSource": "[7.0.0, )",
          "System.Memory": "[4.5.5, )",
          "System.Runtime": "[4.3.1, )"
        }
      },
      "Newtonsoft.Json": {
        "type": "CentralTransitive",
        "requested": "[13.0.3, )",
        "resolved": "13.0.3",
        "contentHash": "HrC5BXdl00IP9zeV+0Z848QWPAoCr9P3bDEZguI+gkLcBKAOxix/tLEAAHC+UvDNPv4a2d18lOReHMOagPa+zQ=="
      },
      "SemanticVersioning": {
        "type": "CentralTransitive",
        "requested": "[2.0.2, )",
        "resolved": "2.0.2",
        "contentHash": "4EQgYdNZ92SyaO7YFk6olVnebF5V+jrHyMUjvPq89tLeMo8NSfgDF+6Zwq/lgh9j/0yfQp9Lkm0ZA0rUATCZFA=="
      },
      "System.Collections.Immutable": {
        "type": "CentralTransitive",
        "requested": "[7.0.0, )",
        "resolved": "7.0.0",
        "contentHash": "dQPcs0U1IKnBdRDBkrCTi1FoajSTBzLcVTpjO4MBCMC7f4pDOIPzgBoX8JjG7X6uZRJ8EBxsi8+DR1JuwjnzOQ==",
        "dependencies": {
          "System.Runtime.CompilerServices.Unsafe": "6.0.0"
        }
      },
      "System.Diagnostics.DiagnosticSource": {
        "type": "CentralTransitive",
        "requested": "[7.0.0, )",
        "resolved": "7.0.0",
        "contentHash": "9W0ewWDuAyDqS2PigdTxk6jDKonfgscY/hP8hm7VpxYhNHZHKvZTdRckberlFk3VnCmr3xBUyMBut12Q+T2aOw==",
        "dependencies": {
          "System.Runtime.CompilerServices.Unsafe": "6.0.0"
        }
      },
      "System.Memory": {
        "type": "CentralTransitive",
        "requested": "[4.5.5, )",
        "resolved": "4.5.5",
        "contentHash": "XIWiDvKPXaTveaB7HVganDlOCRoj03l+jrwNvcge/t8vhGYKvqV+dMv6G4SAX2NoNmN0wZfVPTAlFwZcZvVOUw=="
      },
      "System.Runtime": {
        "type": "CentralTransitive",
        "requested": "[4.3.1, )",
        "resolved": "4.3.1",
        "contentHash": "abhfv1dTK6NXOmu4bgHIONxHyEqFjW8HwXPmpY9gmll+ix9UNo4XDcmzJn6oLooftxNssVHdJC1pGT9jkSynQg==",
        "dependencies": {
          "Microsoft.NETCore.Platforms": "1.1.1",
          "Microsoft.NETCore.Targets": "1.1.3"
        }
      }
    }
  }
}