{
  "version": 1,
  "dependencies": {
    "net7.0": {
      "FsCheck": {
        "type": "Direct",
        "requested": "[2.16.5, )",
        "resolved": "2.16.5",
        "contentHash": "Tw6Lb/UBqtmUj5porM1rRcAU5xT9NttSlFTaIQ8gn4Fsw2LiZavN/eMAZqSA63laV51t4HRJJAAGeYSWFFxRfA==",
        "dependencies": {
          "FSharp.Core": "4.2.3"
        }
      },
      "FSharp.Core": {
        "type": "Direct",
        "requested": "[6.0.1, )",
        "resolved": "6.0.1",
        "contentHash": "VrFAiW8dEEekk+0aqlbvMNZzDvYXmgWZwAt68AUBqaWK8RnoEVUNglj66bZzhs4/U63q0EfXlhcEKnH1sTYLjw=="
      },
      "FsUnit": {
        "type": "Direct",
        "requested": "[4.2.0, )",
        "resolved": "4.2.0",
        "contentHash": "frFIN0QN317y4j/HA2C5Aqow+pn/Or2k1gKRQ2NAO1eaLdzj5TeQegl6ly60d2k3HzAtQdzjlTxhamTR4SxXXg==",
        "dependencies": {
          "FSharp.Core": "5.0.2",
          "NETStandard.Library": "2.0.3",
          "NUnit": "[3.13.2, 3.14.0)"
        }
      },
      "Microsoft.NET.Test.Sdk": {
        "type": "Direct",
        "requested": "[17.5.0, )",
        "resolved": "17.5.0",
        "contentHash": "IJ4eSPcsRbwbAZehh1M9KgejSy0u3d0wAdkJytfCh67zOaCl5U3ltruUEe15MqirdRqGmm/ngbjeaVeGapSZxg==",
        "dependencies": {
          "Microsoft.CodeCoverage": "17.5.0",
          "Microsoft.TestPlatform.TestHost": "17.5.0"
        }
      },
      "NUnit": {
        "type": "Direct",
        "requested": "[3.13.3, )",
        "resolved": "3.13.3",
        "contentHash": "KNPDpls6EfHwC3+nnA67fh5wpxeLb3VLFAfLxrug6JMYDLHH6InaQIWR7Sc3y75d/9IKzMksH/gi08W7XWbmnQ==",
        "dependencies": {
          "NETStandard.Library": "2.0.0"
        }
      },
      "NUnit3TestAdapter": {
        "type": "Direct",
        "requested": "[4.2.1, )",
        "resolved": "4.2.1",
        "contentHash": "kgH8VKsrcZZgNGQXRpVCrM7TnNz9li3b/snH+YmnXUNqsaWa1Xw9EQWHpbzq4Li2FbTjTE/E5N5HdLNXzZ8BpQ=="
      },
      "NunitXml.TestLogger": {
        "type": "Direct",
        "requested": "[3.0.127, )",
        "resolved": "3.0.127",
        "contentHash": "v8cEbYVSZGwCD6290yKeRCsRpOwYcgnng1YRrQKGgP79mHuxj1b1lpb6kA02QoLUM5/Qv9aDSLmS0U05m6HlJg=="
      },
      "System.IO.Abstractions.TestingHelpers": {
        "type": "Direct",
        "requested": "[17.2.3, )",
        "resolved": "17.2.3",
        "contentHash": "tkXvQbsfOIfeoGso+WptCuouFLiWt3EU8s0D8poqIVz1BJOOszkPuFbFgP2HUTJ9bp5n1HH89eFHILo6Oz5XUw==",
        "dependencies": {
          "System.IO.Abstractions": "17.2.3"
        }
      },
      "Microsoft.CodeCoverage": {
        "type": "Transitive",
        "resolved": "17.5.0",
        "contentHash": "6FQo0O6LKDqbCiIgVQhJAf810HSjFlOj7FunWaeOGDKxy8DAbpHzPk4SfBTXz9ytaaceuIIeR6hZgplt09m+ig=="
      },
      "Microsoft.NETCore.Platforms": {
        "type": "Transitive",
        "resolved": "1.1.1",
        "contentHash": "TMBuzAHpTenGbGgk0SMTwyEkyijY/Eae4ZGsFNYJvAr/LDn1ku3Etp3FPxChmDp5HHF3kzJuoaa08N0xjqAJfQ=="
      },
      "Microsoft.NETCore.Targets": {
        "type": "Transitive",
        "resolved": "1.1.3",
        "contentHash": "3Wrmi0kJDzClwAC+iBdUBpEKmEle8FQNsCs77fkiOIw/9oYA07bL1EZNX0kQ2OMN3xpwvl0vAtOCYY3ndDNlhQ=="
      },
      "Microsoft.TestPlatform.ObjectModel": {
        "type": "Transitive",
        "resolved": "17.5.0",
        "contentHash": "QwiBJcC/oEA1kojOaB0uPWOIo4i6BYuTBBYJVhUvmXkyYqZ2Ut/VZfgi+enf8LF8J4sjO98oRRFt39MiRorcIw==",
        "dependencies": {
          "NuGet.Frameworks": "5.11.0",
          "System.Reflection.Metadata": "1.6.0"
        }
      },
      "Microsoft.TestPlatform.TestHost": {
        "type": "Transitive",
        "resolved": "17.5.0",
        "contentHash": "X86aikwp9d4SDcBChwzQYZihTPGEtMdDk+9t64emAl7N0Tq+OmlLAoW+Rs+2FB2k6QdUicSlT4QLO2xABRokaw==",
        "dependencies": {
          "Microsoft.TestPlatform.ObjectModel": "17.5.0",
          "Newtonsoft.Json": "13.0.1"
        }
      },
      "NETStandard.Library": {
        "type": "Transitive",
        "resolved": "2.0.3",
        "contentHash": "st47PosZSHrjECdjeIzZQbzivYBJFv6P2nv4cj2ypdI204DO+vZ7l5raGMiX4eXMJ53RfOIg+/s4DHVZ54Nu2A==",
        "dependencies": {
          "Microsoft.NETCore.Platforms": "1.1.0"
        }
      },
      "Newtonsoft.Json": {
        "type": "Transitive",
        "resolved": "13.0.1",
        "contentHash": "ppPFpBcvxdsfUonNcvITKqLl3bqxWbDCZIzDWHzjpdAHRFfZe0Dw9HmA0+za13IdyrgJwpkDTDA9fHaxOrt20A=="
      },
      "NuGet.Frameworks": {
        "type": "Transitive",
        "resolved": "5.11.0",
        "contentHash": "eaiXkUjC4NPcquGWzAGMXjuxvLwc6XGKMptSyOGQeT0X70BUZObuybJFZLA0OfTdueLd3US23NBPTBb6iF3V1Q=="
      },
      "System.Diagnostics.DiagnosticSource": {
        "type": "Transitive",
        "resolved": "7.0.0",
        "contentHash": "9W0ewWDuAyDqS2PigdTxk6jDKonfgscY/hP8hm7VpxYhNHZHKvZTdRckberlFk3VnCmr3xBUyMBut12Q+T2aOw=="
      },
      "System.IO.Abstractions": {
        "type": "Transitive",
        "resolved": "17.2.3",
        "contentHash": "VcozGeE4SxIo0cnXrDHhbrh/Gb8KQnZ3BvMelvh+iw0PrIKtuuA46U2Xm4e4pgnaWFgT4RdZfTpWl/WPRdw0WQ=="
      },
      "System.Memory": {
        "type": "Transitive",
        "resolved": "4.5.5",
        "contentHash": "XIWiDvKPXaTveaB7HVganDlOCRoj03l+jrwNvcge/t8vhGYKvqV+dMv6G4SAX2NoNmN0wZfVPTAlFwZcZvVOUw=="
      },
      "System.Reflection.Metadata": {
        "type": "Transitive",
        "resolved": "1.6.0",
        "contentHash": "COC1aiAJjCoA5GBF+QKL2uLqEBew4JsCkQmoHKbN3TlOZKa2fKLz5CpiRQKDz0RsAOEGsVKqOD5bomsXq/4STQ=="
      },
      "System.Runtime": {
        "type": "Transitive",
        "resolved": "4.3.1",
        "contentHash": "abhfv1dTK6NXOmu4bgHIONxHyEqFjW8HwXPmpY9gmll+ix9UNo4XDcmzJn6oLooftxNssVHdJC1pGT9jkSynQg==",
        "dependencies": {
          "Microsoft.NETCore.Platforms": "1.1.1",
          "Microsoft.NETCore.Targets": "1.1.3"
        }
      },
      "fantomas.core": {
        "type": "Project",
        "dependencies": {
          "FSharp.Core": "[6.0.1, )",
          "Fantomas.FCS": "[1.0.0, )"
        }
      },
      "fantomas.fcs": {
        "type": "Project",
        "dependencies": {
          "FSharp.Core": "[6.0.1, )",
          "System.Diagnostics.DiagnosticSource": "[7.0.0, )",
          "System.Memory": "[4.5.5, )",
          "System.Runtime": "[4.3.1, )"
        }
      }
    }
  }
}