{
  "version": 2,
  "dependencies": {
    "net10.0": {
      "FsCheck": {
        "type": "Direct",
        "requested": "[2.16.5, )",
        "resolved": "2.16.5",
        "contentHash": "Tw6Lb/UBqtmUj5porM1rRcAU5xT9NttSlFTaIQ8gn4Fsw2LiZavN/eMAZqSA63laV51t4HRJJAAGeYSWFFxRfA==",
        "dependencies": {
          "FSharp.Core": "4.2.3"
        }
      },
      "FSharp.Analyzers.Build": {
        "type": "Direct",
        "requested": "[0.3.0, )",
        "resolved": "0.3.0",
        "contentHash": "twj4mNJLOEjHK6OQJCAbix2d8ODG5RySASejQ/v2fLgoqyRqYsXmceFaXb17ZE1pNrfenjwv/xpR+GembufaZA=="
      },
      "FSharp.Core": {
        "type": "Direct",
        "requested": "[9.0.300, )",
        "resolved": "9.0.300",
        "contentHash": "TVt2J7RCE1KCS2IaONF+p8/KIZ1eHNbW+7qmKF6hGoD4tXl+o07ja1mPtFjMqRa5uHMFaTrGTPn/m945WnDLiQ=="
      },
      "FsUnit": {
        "type": "Direct",
        "requested": "[6.0.1, )",
        "resolved": "6.0.1",
        "contentHash": "egPDe9qKbQdWLGSoyFa1wyxVPUfbKBB9Z4zeZe5gRHAnR5BV509dCv8TXkeOXZb0u7YPf6+CC4gWoiagA3UCzg==",
        "dependencies": {
          "FSharp.Core": "5.0.2",
          "NUnit": "4.0.1"
        }
      },
      "G-Research.FSharp.Analyzers": {
        "type": "Direct",
        "requested": "[0.9.3, )",
        "resolved": "0.9.3",
        "contentHash": "V83sHl7ubgQ9HLjxto/rZbgNKGMMpHZ+E6tmWm1JAGfpNUaYWnKdAkpdKxxooHmE/804pIAPuVTpna5xLeX1dw=="
      },
      "Ionide.Analyzers": {
        "type": "Direct",
        "requested": "[0.9.0, )",
        "resolved": "0.9.0",
        "contentHash": "yCJHdPHJef/Yl7iPED8lRoxPjM1HXx1tielT7lp40FxOKURiLGziyhxfZqbo4WTYVKdSxOJv3+s2+ArJYuirvg=="
      },
      "Microsoft.NET.Test.Sdk": {
        "type": "Direct",
        "requested": "[17.12.0, )",
        "resolved": "17.12.0",
        "contentHash": "kt/PKBZ91rFCWxVIJZSgVLk+YR+4KxTuHf799ho8WNiK5ZQpJNAEZCAWX86vcKrs+DiYjiibpYKdGZP6+/N17w==",
        "dependencies": {
          "Microsoft.CodeCoverage": "17.12.0",
          "Microsoft.TestPlatform.TestHost": "17.12.0"
        }
      },
      "NUnit": {
        "type": "Direct",
        "requested": "[4.2.2, )",
        "resolved": "4.2.2",
        "contentHash": "mon0OPko28yZ/foVXrhiUvq1LReaGsBdziumyyYGxV/pOE4q92fuYeN+AF+gEU5pCjzykcdBt5l7xobTaiBjsg=="
      },
      "NUnit3TestAdapter": {
        "type": "Direct",
        "requested": "[4.6.0, )",
        "resolved": "4.6.0",
        "contentHash": "R7e1+a4vuV/YS+ItfL7f//rG+JBvVeVLX4mHzFEZo4W1qEKl8Zz27AqvQSAqo+BtIzUCo4aAJMYa56VXS4hudw=="
      },
      "System.IO.Abstractions.TestingHelpers": {
        "type": "Direct",
        "requested": "[21.1.3, )",
        "resolved": "21.1.3",
        "contentHash": "2EcDkDtYXem8IqFrbg/tMIgEiwql7kMeU5ttoE7Au79BIhmpqSUZqEEBJe6B7kJmY9EI6YXOUccx+ce3+wQWMQ==",
        "dependencies": {
          "TestableIO.System.IO.Abstractions.TestingHelpers": "21.1.3"
        }
      },
      "Microsoft.CodeCoverage": {
        "type": "Transitive",
        "resolved": "17.12.0",
        "contentHash": "4svMznBd5JM21JIG2xZKGNanAHNXplxf/kQDFfLHXQ3OnpJkayRK/TjacFjA+EYmoyuNXHo/sOETEfcYtAzIrA=="
      },
      "Microsoft.TestPlatform.ObjectModel": {
        "type": "Transitive",
        "resolved": "17.12.0",
        "contentHash": "TDqkTKLfQuAaPcEb3pDDWnh7b3SyZF+/W9OZvWFp6eJCIiiYFdSB6taE2I6tWrFw5ywhzOb6sreoGJTI6m3rSQ=="
      },
      "Microsoft.TestPlatform.TestHost": {
        "type": "Transitive",
        "resolved": "17.12.0",
        "contentHash": "MiPEJQNyADfwZ4pJNpQex+t9/jOClBGMiCiVVFuELCMSX2nmNfvUor3uFVxNNCg30uxDP8JDYfPnMXQzsfzYyg==",
        "dependencies": {
          "Microsoft.TestPlatform.ObjectModel": "17.12.0",
          "Newtonsoft.Json": "13.0.1"
        }
      },
      "TestableIO.System.IO.Abstractions": {
        "type": "Transitive",
        "resolved": "21.1.3",
        "contentHash": "qe/gIjOPCoyiSCToouJx/vCvcTQXVGj/eJVRK/7s2F8yIv0zvEpjByfXZvS3yqmcpg0/S6x6w7DvNyPrLe/RRw=="
      },
      "TestableIO.System.IO.Abstractions.TestingHelpers": {
        "type": "Transitive",
        "resolved": "21.1.3",
        "contentHash": "sMRPFcqvmSeocHtb5JVf7heBqvBsaFGiodEOoysIB0KneV4+3Yg0ka1421kzBLjRW+itU3FVjjqAAa9fqvUmhA==",
        "dependencies": {
          "TestableIO.System.IO.Abstractions": "21.1.3",
          "TestableIO.System.IO.Abstractions.Wrappers": "21.1.3"
        }
      },
      "TestableIO.System.IO.Abstractions.Wrappers": {
        "type": "Transitive",
        "resolved": "21.1.3",
        "contentHash": "5LEVwt5+K5TnL1ekfCbQszlgRnO77plpgQAgkXL7wXKGd0PQWE01eSss0+L7E8GGLGbtD7mzYJVq/bd79ZDBlQ==",
        "dependencies": {
          "TestableIO.System.IO.Abstractions": "21.1.3"
        }
      },
      "fantomas.core": {
        "type": "Project",
        "dependencies": {
          "FSharp.Core": "[9.0.300, )",
          "Fantomas.FCS": "[1.0.0, )"
        }
      },
      "fantomas.fcs": {
        "type": "Project",
        "dependencies": {
          "FSharp.Core": "[9.0.300, )"
        }
      },
      "Newtonsoft.Json": {
        "type": "CentralTransitive",
        "requested": "[13.0.3, )",
        "resolved": "13.0.3",
        "contentHash": "HrC5BXdl00IP9zeV+0Z848QWPAoCr9P3bDEZguI+gkLcBKAOxix/tLEAAHC+UvDNPv4a2d18lOReHMOagPa+zQ=="
      }
    }
  }
}