{
  "version": 2,
  "dependencies": {
    "net8.0": {
      "FsCheck": {
        "type": "Direct",
        "requested": "[2.16.5, )",
        "resolved": "2.16.5",
        "contentHash": "Tw6Lb/UBqtmUj5porM1rRcAU5xT9NttSlFTaIQ8gn4Fsw2LiZavN/eMAZqSA63laV51t4HRJJAAGeYSWFFxRfA==",
        "dependencies": {
          "FSharp.Core": "4.2.3"
        }
      },
      "FSharp.Analyzers.Build": {
        "type": "Direct",
        "requested": "[0.3.0, )",
        "resolved": "0.3.0",
        "contentHash": "twj4mNJLOEjHK6OQJCAbix2d8ODG5RySASejQ/v2fLgoqyRqYsXmceFaXb17ZE1pNrfenjwv/xpR+GembufaZA=="
      },
      "FSharp.Core": {
        "type": "Direct",
        "requested": "[8.0.100, )",
        "resolved": "8.0.100",
        "contentHash": "ZOVZ/o+jI3ormTZOa28Wh0tSRoyle1f7lKFcUN61sPiXI7eDZu8eSveFybgTeyIEyW0ujjp31cp7GOglDgsNEg=="
      },
      "FsUnit": {
        "type": "Direct",
        "requested": "[6.0.0, )",
        "resolved": "6.0.0",
        "contentHash": "XDZamUZ6uu9517/sGnMGtGLZQf/r1JReCjir6aZHrfIH7ZLw49PjmIOjtNmFL3w7F1ii7S/j9e7tO4HNEqlv9A==",
        "dependencies": {
          "FSharp.Core": "5.0.2",
          "NUnit": "4.0.1"
        }
      },
      "G-Research.FSharp.Analyzers": {
        "type": "Direct",
        "requested": "[0.9.3, )",
        "resolved": "0.9.3",
        "contentHash": "V83sHl7ubgQ9HLjxto/rZbgNKGMMpHZ+E6tmWm1JAGfpNUaYWnKdAkpdKxxooHmE/804pIAPuVTpna5xLeX1dw=="
      },
      "Ionide.Analyzers": {
        "type": "Direct",
        "requested": "[0.9.0, )",
        "resolved": "0.9.0",
        "contentHash": "yCJHdPHJef/Yl7iPED8lRoxPjM1HXx1tielT7lp40FxOKURiLGziyhxfZqbo4WTYVKdSxOJv3+s2+ArJYuirvg=="
      },
      "Microsoft.NET.Test.Sdk": {
        "type": "Direct",
        "requested": "[17.8.0, )",
        "resolved": "17.8.0",
        "contentHash": "BmTYGbD/YuDHmApIENdoyN1jCk0Rj1fJB0+B/fVekyTdVidr91IlzhqzytiUgaEAzL1ZJcYCme0MeBMYvJVzvw==",
        "dependencies": {
          "Microsoft.CodeCoverage": "17.8.0",
          "Microsoft.TestPlatform.TestHost": "17.8.0"
        }
      },
      "NUnit": {
        "type": "Direct",
        "requested": "[4.0.1, )",
        "resolved": "4.0.1",
        "contentHash": "jNTHZ01hJsDNPDSBycoHpavFZUBf9vRVQLCyuo78LRrrFj6Ol/CeqK+NIeTk5d8Eycjk59KseWb7X5Ge6z7CgQ=="
      },
      "NUnit3TestAdapter": {
        "type": "Direct",
        "requested": "[4.5.0, )",
        "resolved": "4.5.0",
        "contentHash": "s8JpqTe9bI2f49Pfr3dFRfoVSuFQyraTj68c3XXjIS/MRGvvkLnrg6RLqnTjdShX+AdFUCCU/4Xex58AdUfs6A=="
      },
      "System.IO.Abstractions.TestingHelpers": {
        "type": "Direct",
        "requested": "[20.0.4, )",
        "resolved": "20.0.4",
        "contentHash": "Dp6gPoqJ7i8dRGubfxzA219fFCtkam9BgSmuIT+fQcFPKkW6vx9PuLTSELsNq+gRoEAzxGbWjsT/3WslfcmRfg==",
        "dependencies": {
          "TestableIO.System.IO.Abstractions.TestingHelpers": "20.0.4"
        }
      },
      "Microsoft.CodeCoverage": {
        "type": "Transitive",
        "resolved": "17.8.0",
        "contentHash": "KC8SXWbGIdoFVdlxKk9WHccm0llm9HypcHMLUUFabRiTS3SO2fQXNZfdiF3qkEdTJhbRrxhdRxjL4jbtwPq4Ew=="
      },
      "Microsoft.NETCore.Platforms": {
        "type": "Transitive",
        "resolved": "1.1.1",
        "contentHash": "TMBuzAHpTenGbGgk0SMTwyEkyijY/Eae4ZGsFNYJvAr/LDn1ku3Etp3FPxChmDp5HHF3kzJuoaa08N0xjqAJfQ=="
      },
      "Microsoft.NETCore.Targets": {
        "type": "Transitive",
        "resolved": "1.1.3",
        "contentHash": "3Wrmi0kJDzClwAC+iBdUBpEKmEle8FQNsCs77fkiOIw/9oYA07bL1EZNX0kQ2OMN3xpwvl0vAtOCYY3ndDNlhQ=="
      },
      "Microsoft.TestPlatform.ObjectModel": {
        "type": "Transitive",
        "resolved": "17.8.0",
        "contentHash": "AYy6vlpGMfz5kOFq99L93RGbqftW/8eQTqjT9iGXW6s9MRP3UdtY8idJ8rJcjeSja8A18IhIro5YnH3uv1nz4g==",
        "dependencies": {
          "NuGet.Frameworks": "6.5.0",
          "System.Reflection.Metadata": "1.6.0"
        }
      },
      "Microsoft.TestPlatform.TestHost": {
        "type": "Transitive",
        "resolved": "17.8.0",
        "contentHash": "9ivcl/7SGRmOT0YYrHQGohWiT5YCpkmy/UEzldfVisLm6QxbLaK3FAJqZXI34rnRLmqqDCeMQxKINwmKwAPiDw==",
        "dependencies": {
          "Microsoft.TestPlatform.ObjectModel": "17.8.0",
          "Newtonsoft.Json": "13.0.1"
        }
      },
      "NuGet.Frameworks": {
        "type": "Transitive",
        "resolved": "6.5.0",
        "contentHash": "QWINE2x3MbTODsWT1Gh71GaGb5icBz4chS8VYvTgsBnsi8esgN6wtHhydd7fvToWECYGq7T4cgBBDiKD/363fg=="
      },
      "System.Reflection.Metadata": {
        "type": "Transitive",
        "resolved": "1.6.0",
        "contentHash": "COC1aiAJjCoA5GBF+QKL2uLqEBew4JsCkQmoHKbN3TlOZKa2fKLz5CpiRQKDz0RsAOEGsVKqOD5bomsXq/4STQ=="
      },
      "TestableIO.System.IO.Abstractions": {
        "type": "Transitive",
        "resolved": "20.0.4",
        "contentHash": "zvuE3an8qmEjlz72ZKyW/gBZprR0TMTDxuw77i1OXi5wEagXRhHwP4lOaLvHIXNlwyCAmdmei6iLHsfsZcuUAA=="
      },
      "TestableIO.System.IO.Abstractions.TestingHelpers": {
        "type": "Transitive",
        "resolved": "20.0.4",
        "contentHash": "O8YeM+jsunyWt4ch93QnvWmMN/uguU0uX2VvDEvlltOxxHfCOuy0jG9m9p/lys52orlbpRa/Rl6mMXwoK2tdcA==",
        "dependencies": {
          "TestableIO.System.IO.Abstractions": "20.0.4",
          "TestableIO.System.IO.Abstractions.Wrappers": "20.0.4"
        }
      },
      "TestableIO.System.IO.Abstractions.Wrappers": {
        "type": "Transitive",
        "resolved": "20.0.4",
        "contentHash": "LbVaZauZfCkcGmHyPhQ2yiKv5GQqTvMViPYd3NjU1tGxp0N2p7Oc6Q/2trN6ZNIZCr42ujJdYUB63hE4mtsHRQ==",
        "dependencies": {
          "TestableIO.System.IO.Abstractions": "20.0.4"
        }
      },
      "fantomas.core": {
        "type": "Project",
        "dependencies": {
          "FSharp.Core": "[8.0.100, )",
          "Fantomas.FCS": "[1.0.0, )"
        }
      },
      "fantomas.fcs": {
        "type": "Project",
        "dependencies": {
          "FSharp.Core": "[8.0.100, )",
          "System.Collections.Immutable": "[7.0.0, )",
          "System.Diagnostics.DiagnosticSource": "[7.0.0, )",
          "System.Memory": "[4.5.5, )",
          "System.Runtime": "[4.3.1, )"
        }
      },
      "Newtonsoft.Json": {
        "type": "CentralTransitive",
        "requested": "[13.0.3, )",
        "resolved": "13.0.3",
        "contentHash": "HrC5BXdl00IP9zeV+0Z848QWPAoCr9P3bDEZguI+gkLcBKAOxix/tLEAAHC+UvDNPv4a2d18lOReHMOagPa+zQ=="
      },
      "System.Collections.Immutable": {
        "type": "CentralTransitive",
        "requested": "[7.0.0, )",
        "resolved": "7.0.0",
        "contentHash": "dQPcs0U1IKnBdRDBkrCTi1FoajSTBzLcVTpjO4MBCMC7f4pDOIPzgBoX8JjG7X6uZRJ8EBxsi8+DR1JuwjnzOQ=="
      },
      "System.Diagnostics.DiagnosticSource": {
        "type": "CentralTransitive",
        "requested": "[7.0.0, )",
        "resolved": "7.0.0",
        "contentHash": "9W0ewWDuAyDqS2PigdTxk6jDKonfgscY/hP8hm7VpxYhNHZHKvZTdRckberlFk3VnCmr3xBUyMBut12Q+T2aOw=="
      },
      "System.Memory": {
        "type": "CentralTransitive",
        "requested": "[4.5.5, )",
        "resolved": "4.5.5",
        "contentHash": "XIWiDvKPXaTveaB7HVganDlOCRoj03l+jrwNvcge/t8vhGYKvqV+dMv6G4SAX2NoNmN0wZfVPTAlFwZcZvVOUw=="
      },
      "System.Runtime": {
        "type": "CentralTransitive",
        "requested": "[4.3.1, )",
        "resolved": "4.3.1",
        "contentHash": "abhfv1dTK6NXOmu4bgHIONxHyEqFjW8HwXPmpY9gmll+ix9UNo4XDcmzJn6oLooftxNssVHdJC1pGT9jkSynQg==",
        "dependencies": {
          "Microsoft.NETCore.Platforms": "1.1.1",
          "Microsoft.NETCore.Targets": "1.1.3"
        }
      }
    }
  }
}