{
  "version": 2,
  "dependencies": {
    "net10.0": {
      "FsCheck": {
        "type": "Direct",
        "requested": "[2.16.5, )",
        "resolved": "2.16.5",
        "contentHash": "Tw6Lb/UBqtmUj5porM1rRcAU5xT9NttSlFTaIQ8gn4Fsw2LiZavN/eMAZqSA63laV51t4HRJJAAGeYSWFFxRfA==",
        "dependencies": {
          "FSharp.Core": "4.2.3"
        }
      },
      "FSharp.Core": {
        "type": "Direct",
        "requested": "[9.0.300, )",
        "resolved": "9.0.300",
        "contentHash": "TVt2J7RCE1KCS2IaONF+p8/KIZ1eHNbW+7qmKF6hGoD4tXl+o07ja1mPtFjMqRa5uHMFaTrGTPn/m945WnDLiQ=="
      },
      "FsUnit": {
        "type": "Direct",
        "requested": "[6.0.1, )",
        "resolved": "6.0.1",
        "contentHash": "egPDe9qKbQdWLGSoyFa1wyxVPUfbKBB9Z4zeZe5gRHAnR5BV509dCv8TXkeOXZb0u7YPf6+CC4gWoiagA3UCzg==",
        "dependencies": {
          "FSharp.Core": "5.0.2",
          "NUnit": "4.0.1"
        }
      },
      "G-Research.FSharp.Analyzers": {
        "type": "Direct",
        "requested": "[0.18.0, )",
        "resolved": "0.18.0",
        "contentHash": "axpIIOMOHUK/GS1s1q4thDTfcZxBVaQryPFDAURPX78TTLqHPF83USUgI4yM2cvIo+ZA7+c5SUWtkVXKkedlVQ=="
      },
      "Ionide.Analyzers": {
        "type": "Direct",
        "requested": "[0.14.7, )",
        "resolved": "0.14.7",
        "contentHash": "xjYTHbb/aP6QPD9rJOZNJW3YN7KAegWAy42N61A9m7BVMspaSNEX8Y57Cey9ySWCrjvEaXKAnzVuyL9N3zZVLA=="
      },
      "Microsoft.NET.Test.Sdk": {
        "type": "Direct",
        "requested": "[17.12.0, )",
        "resolved": "17.12.0",
        "contentHash": "kt/PKBZ91rFCWxVIJZSgVLk+YR+4KxTuHf799ho8WNiK5ZQpJNAEZCAWX86vcKrs+DiYjiibpYKdGZP6+/N17w==",
        "dependencies": {
          "Microsoft.CodeCoverage": "17.12.0",
          "Microsoft.TestPlatform.TestHost": "17.12.0"
        }
      },
      "NUnit": {
        "type": "Direct",
        "requested": "[4.2.2, )",
        "resolved": "4.2.2",
        "contentHash": "mon0OPko28yZ/foVXrhiUvq1LReaGsBdziumyyYGxV/pOE4q92fuYeN+AF+gEU5pCjzykcdBt5l7xobTaiBjsg=="
      },
      "NUnit3TestAdapter": {
        "type": "Direct",
        "requested": "[4.6.0, )",
        "resolved": "4.6.0",
        "contentHash": "R7e1+a4vuV/YS+ItfL7f//rG+JBvVeVLX4mHzFEZo4W1qEKl8Zz27AqvQSAqo+BtIzUCo4aAJMYa56VXS4hudw=="
      },
      "System.IO.Abstractions.TestingHelpers": {
        "type": "Direct",
        "requested": "[21.1.3, )",
        "resolved": "21.1.3",
        "contentHash": "2EcDkDtYXem8IqFrbg/tMIgEiwql7kMeU5ttoE7Au79BIhmpqSUZqEEBJe6B7kJmY9EI6YXOUccx+ce3+wQWMQ==",
        "dependencies": {
          "TestableIO.System.IO.Abstractions.TestingHelpers": "21.1.3"
        }
      },
      "Fable.Core": {
        "type": "Transitive",
        "resolved": "3.1.6",
        "contentHash": "w6M1F0zoLk4kTFc1Lx6x1Ft6BD3QwRe0eaLiinAqbjVkcF+iK+NiXGJO+a6q9RAF9NCg0vI48Xku7aNeqG4JVw==",
        "dependencies": {
          "FSharp.Core": "4.7.1"
        }
      },
      "MessagePack": {
        "type": "Transitive",
        "resolved": "2.5.187",
        "contentHash": "uW4j8m4Nc+2Mk5n6arOChavJ9bLjkis0qWASOj2h2OwmfINuzYv+mjCHUymrYhmyyKTu3N+ObtTXAY4uQ7jIhg==",
        "dependencies": {
          "MessagePack.Annotations": "2.5.187",
          "Microsoft.NET.StringTools": "17.6.3"
        }
      },
      "MessagePack.Annotations": {
        "type": "Transitive",
        "resolved": "2.5.187",
        "contentHash": "/IvvMMS8opvlHjEJ/fR2Cal4Co726Kj77Z8KiohFhuHfLHHmb9uUxW5+tSCL4ToKFfkQlrS3HD638mRq83ySqA=="
      },
      "Microsoft.CodeCoverage": {
        "type": "Transitive",
        "resolved": "17.12.0",
        "contentHash": "4svMznBd5JM21JIG2xZKGNanAHNXplxf/kQDFfLHXQ3OnpJkayRK/TjacFjA+EYmoyuNXHo/sOETEfcYtAzIrA=="
      },
      "Microsoft.NET.StringTools": {
        "type": "Transitive",
        "resolved": "17.6.3",
        "contentHash": "N0ZIanl1QCgvUumEL1laasU0a7sOE5ZwLZVTn0pAePnfhq8P7SvTjF8Axq+CnavuQkmdQpGNXQ1efZtu5kDFbA=="
      },
      "Microsoft.TestPlatform.ObjectModel": {
        "type": "Transitive",
        "resolved": "17.12.0",
        "contentHash": "TDqkTKLfQuAaPcEb3pDDWnh7b3SyZF+/W9OZvWFp6eJCIiiYFdSB6taE2I6tWrFw5ywhzOb6sreoGJTI6m3rSQ=="
      },
      "Microsoft.TestPlatform.TestHost": {
        "type": "Transitive",
        "resolved": "17.12.0",
        "contentHash": "MiPEJQNyADfwZ4pJNpQex+t9/jOClBGMiCiVVFuELCMSX2nmNfvUor3uFVxNNCg30uxDP8JDYfPnMXQzsfzYyg==",
        "dependencies": {
          "Microsoft.TestPlatform.ObjectModel": "17.12.0",
          "Newtonsoft.Json": "13.0.1"
        }
      },
      "Microsoft.VisualStudio.Threading": {
        "type": "Transitive",
        "resolved": "17.10.48",
        "contentHash": "7onkbbE0AOAhxKe+ZAa2NMzo4R5G4qypZmNIE0GhBohT/tl6e5aLnLx4Gg6trf6SUn3DfLRowMtNe5Q+PmhKgQ==",
        "dependencies": {
          "Microsoft.VisualStudio.Threading.Analyzers": "17.10.48",
          "Microsoft.VisualStudio.Validation": "17.8.8"
        }
      },
      "Microsoft.VisualStudio.Threading.Analyzers": {
        "type": "Transitive",
        "resolved": "17.10.48",
        "contentHash": "xwvwT91oqFjLgQykUp6y/JPYxz8LchbfJKrLVatfczWddXKng8DAo8RiiIodt+pRdsVXP9Ud02GtJoY7ifdXPQ=="
      },
      "Microsoft.VisualStudio.Validation": {
        "type": "Transitive",
        "resolved": "17.8.8",
        "contentHash": "rWXThIpyQd4YIXghNkiv2+VLvzS+MCMKVRDR0GAMlflsdo+YcAN2g2r5U1Ah98OFjQMRexTFtXQQ2LkajxZi3g=="
      },
      "Nerdbank.Streams": {
        "type": "Transitive",
        "resolved": "2.11.74",
        "contentHash": "r4G7uHHfoo8LCilPOdtf2C+Q5ymHOAXtciT4ZtB2xRlAvv4gPkWBYNAijFblStv3+uidp81j5DP11jMZl4BfJw==",
        "dependencies": {
          "Microsoft.VisualStudio.Threading": "17.10.48",
          "Microsoft.VisualStudio.Validation": "17.8.8"
        }
      },
      "System.Configuration.ConfigurationManager": {
        "type": "Transitive",
        "resolved": "4.4.0",
        "contentHash": "gWwQv/Ug1qWJmHCmN17nAbxJYmQBM/E94QxKLksvUiiKB1Ld3Sc/eK1lgmbSjDFxkQhVuayI/cGFZhpBSodLrg==",
        "dependencies": {
          "System.Security.Cryptography.ProtectedData": "4.4.0"
        }
      },
      "System.Security.Cryptography.ProtectedData": {
        "type": "Transitive",
        "resolved": "4.4.0",
        "contentHash": "cJV7ScGW7EhatRsjehfvvYVBvtiSMKgN8bOVI0bQhnF5bU7vnHVIsH49Kva7i7GWaWYvmEzkYVk1TC+gZYBEog=="
      },
      "TestableIO.System.IO.Abstractions": {
        "type": "Transitive",
        "resolved": "21.1.3",
        "contentHash": "qe/gIjOPCoyiSCToouJx/vCvcTQXVGj/eJVRK/7s2F8yIv0zvEpjByfXZvS3yqmcpg0/S6x6w7DvNyPrLe/RRw=="
      },
      "TestableIO.System.IO.Abstractions.TestingHelpers": {
        "type": "Transitive",
        "resolved": "21.1.3",
        "contentHash": "sMRPFcqvmSeocHtb5JVf7heBqvBsaFGiodEOoysIB0KneV4+3Yg0ka1421kzBLjRW+itU3FVjjqAAa9fqvUmhA==",
        "dependencies": {
          "TestableIO.System.IO.Abstractions": "21.1.3",
          "TestableIO.System.IO.Abstractions.Wrappers": "21.1.3"
        }
      },
      "TestableIO.System.IO.Abstractions.Wrappers": {
        "type": "Transitive",
        "resolved": "21.1.3",
        "contentHash": "5LEVwt5+K5TnL1ekfCbQszlgRnO77plpgQAgkXL7wXKGd0PQWE01eSss0+L7E8GGLGbtD7mzYJVq/bd79ZDBlQ==",
        "dependencies": {
          "TestableIO.System.IO.Abstractions": "21.1.3"
        }
      },
      "fantomas": {
        "type": "Project",
        "dependencies": {
          "Argu": "[6.2.4, )",
          "FSharp.Core": "[9.0.300, )",
          "Fantomas.Client": "[1.0.0, )",
          "Fantomas.Core": "[1.0.0, )",
          "Ignore": "[0.2.1, )",
          "Serilog": "[4.1.0, )",
          "Serilog.Sinks.Console": "[6.0.0, )",
          "SerilogTraceListener": "[3.2.1-dev-00011, )",
          "Spectre.Console": "[0.49.1, )",
          "StreamJsonRpc": "[2.20.20, )",
          "System.IO.Abstractions": "[21.1.3, )",
          "Thoth.Json.Net": "[12.0.0, )",
          "editorconfig": "[0.15.0, )"
        }
      },
      "fantomas.client": {
        "type": "Project",
        "dependencies": {
          "FSharp.Core": "[9.0.300, )",
          "SemanticVersioning": "[2.0.2, )",
          "StreamJsonRpc": "[2.20.20, )"
        }
      },
      "fantomas.core": {
        "type": "Project",
        "dependencies": {
          "FSharp.Core": "[9.0.300, )",
          "Fantomas.FCS": "[1.0.0, )"
        }
      },
      "fantomas.fcs": {
        "type": "Project",
        "dependencies": {
          "FSharp.Core": "[9.0.300, )"
        }
      },
      "Argu": {
        "type": "CentralTransitive",
        "requested": "[6.2.4, )",
        "resolved": "6.2.4",
        "contentHash": "RuANu8+L1P2HWozmbRXkj6MQGYwP5DL2wdARfBPtRjsLS8TSgwYjOKxMnY5LtjmHLlMBD3u2+MfbAy8xMGg8Qg==",
        "dependencies": {
          "FSharp.Core": "6.0.7",
          "System.Configuration.ConfigurationManager": "4.4.0"
        }
      },
      "editorconfig": {
        "type": "CentralTransitive",
        "requested": "[0.15.0, )",
        "resolved": "0.15.0",
        "contentHash": "NuUxFbycSCOhl0WzmNZ8ksSMrTHBFzTASkil+IOqXpqTXszokKjy6ihxMdjArGaC+AaLLq4nxfGVFLi6KWyFJg=="
      },
      "Ignore": {
        "type": "CentralTransitive",
        "requested": "[0.2.1, )",
        "resolved": "0.2.1",
        "contentHash": "Qw3s0pTwK3o6Iv6kTMjmxzOt91pczU533OmtAvFRsJ7PdCVMhGCRyUkMsCOI7ejxOtHJdRsj141HeZWeedlqkQ=="
      },
      "Newtonsoft.Json": {
        "type": "CentralTransitive",
        "requested": "[13.0.3, )",
        "resolved": "13.0.3",
        "contentHash": "HrC5BXdl00IP9zeV+0Z848QWPAoCr9P3bDEZguI+gkLcBKAOxix/tLEAAHC+UvDNPv4a2d18lOReHMOagPa+zQ=="
      },
      "SemanticVersioning": {
        "type": "CentralTransitive",
        "requested": "[2.0.2, )",
        "resolved": "2.0.2",
        "contentHash": "4EQgYdNZ92SyaO7YFk6olVnebF5V+jrHyMUjvPq89tLeMo8NSfgDF+6Zwq/lgh9j/0yfQp9Lkm0ZA0rUATCZFA=="
      },
      "Serilog": {
        "type": "CentralTransitive",
        "requested": "[4.1.0, )",
        "resolved": "4.1.0",
        "contentHash": "u1aZI8HZ62LWlq5dZLFwm6jMax/sUwnWZSw5lkPsCt518cJBxFKoNmc7oSxe5aA5BgSkzy9rzwFGR/i/acnSPw=="
      },
      "Serilog.Sinks.Console": {
        "type": "CentralTransitive",
        "requested": "[6.0.0, )",
        "resolved": "6.0.0",
        "contentHash": "fQGWqVMClCP2yEyTXPIinSr5c+CBGUvBybPxjAGcf7ctDhadFhrQw03Mv8rJ07/wR5PDfFjewf2LimvXCDzpbA==",
        "dependencies": {
          "Serilog": "4.0.0"
        }
      },
      "SerilogTraceListener": {
        "type": "CentralTransitive",
        "requested": "[3.2.1-dev-00011, )",
        "resolved": "3.2.1-dev-00011",
        "contentHash": "Lcd96moPFhTzFOJR+EIxu0PSzZPPoX1BGNfpm7ArJ4/3MnMw3iTblEJBn8EpcSzS66DJyiy+WaXVkE7fuHhU3A==",
        "dependencies": {
          "Serilog": "2.8.0"
        }
      },
      "Spectre.Console": {
        "type": "CentralTransitive",
        "requested": "[0.49.1, )",
        "resolved": "0.49.1",
        "contentHash": "USV+pdu49OJ3nCjxNuw1K9Zw/c1HCBbwbjXZp0EOn6wM99tFdAtN34KEBZUMyRuJuXlUMDqhd8Yq9obW2MslYA=="
      },
      "StreamJsonRpc": {
        "type": "CentralTransitive",
        "requested": "[2.20.20, )",
        "resolved": "2.20.20",
        "contentHash": "gwG7KViLbSWS7EI0kYevinVmIga9wZNrpSY/FnWyC6DbdjKJ1xlv/FV1L9b0rLkVP8cGxfIMexdvo/+2W5eq6Q==",
        "dependencies": {
          "MessagePack": "2.5.187",
          "Microsoft.VisualStudio.Threading": "17.10.48",
          "Microsoft.VisualStudio.Threading.Analyzers": "17.10.48",
          "Microsoft.VisualStudio.Validation": "17.8.8",
          "Nerdbank.Streams": "2.11.74",
          "Newtonsoft.Json": "13.0.1"
        }
      },
      "System.IO.Abstractions": {
        "type": "CentralTransitive",
        "requested": "[21.1.3, )",
        "resolved": "21.1.3",
        "contentHash": "WgLx25YHAepNu5Wym1kBqYLqYMo/lmGakWILFYtpEtuxAVoeWvAj2U6oVfqmikPXVYit19tTGWnfbZhVUNjkrg==",
        "dependencies": {
          "TestableIO.System.IO.Abstractions": "21.1.3",
          "TestableIO.System.IO.Abstractions.Wrappers": "21.1.3"
        }
      },
      "Thoth.Json.Net": {
        "type": "CentralTransitive",
        "requested": "[12.0.0, )",
        "resolved": "12.0.0",
        "contentHash": "n2YyONYdWCFS4Pu7wrqgV/l5tPuN+t3gxEfs/2RwqCiQkRnbgKs9dK61zHeZS5YganAoFbxLSwbaNL7SvSrS9g==",
        "dependencies": {
          "FSharp.Core": "4.7.2",
          "Fable.Core": "3.1.6",
          "Newtonsoft.Json": "13.0.1"
        }
      }
    }
  }
}