Microsoft Visual Studio Solution File, Format Version 12.00
# Visual Studio 2013
VisualStudioVersion = 12.0.21005.1
MinimumVisualStudioVersion = 10.0.40219.1
Project("{2150E333-8FDC-42A3-9474-1A3956D46DE8}") = "project", "project", "{65EF702B-6F8C-48F9-9B34-7E6387816B90}"
	ProjectSection(SolutionItems) = preProject
		..\.travis.yml = ..\.travis.yml
		..\build.cmd = ..\build.cmd
		..\build.fsx = ..\build.fsx
		..\build.sh = ..\build.sh
		..\FormattingConventions.md = ..\FormattingConventions.md
		..\LICENSE.md = ..\LICENSE.md
		..\paket.dependencies = ..\paket.dependencies
		..\paket.lock = ..\paket.lock
		..\README.md = ..\README.md
		..\RELEASE_NOTES.md = ..\RELEASE_NOTES.md
	EndProjectSection
EndProject
Project("{F2A71F9B-5D33-465A-A702-920D77279786}") = "Fantomas", "Fantomas\Fantomas.fsproj", "{919ADF2D-DF2E-4F4D-9F8B-0376346535C9}"
EndProject
Project("{F2A71F9B-5D33-465A-A702-920D77279786}") = "Fantomas.Tests", "Fantomas.Tests\Fantomas.Tests.fsproj", "{28E90D4B-75CE-48D3-ACFE-3AB37179233B}"
EndProject
Project("{F2A71F9B-5D33-465A-A702-920D77279786}") = "Fantomas.Cmd", "Fantomas.Cmd\Fantomas.Cmd.fsproj", "{1E92A842-18B8-4445-9A07-BB202501A7A4}"
EndProject
Global
	GlobalSection(SolutionConfigurationPlatforms) = preSolution
		Debug|Any CPU = Debug|Any CPU
		Release|Any CPU = Release|Any CPU
	EndGlobalSection
	GlobalSection(ProjectConfigurationPlatforms) = postSolution
		{919ADF2D-DF2E-4F4D-9F8B-0376346535C9}.Debug|Any CPU.ActiveCfg = Debug|Any CPU
		{919ADF2D-DF2E-4F4D-9F8B-0376346535C9}.Debug|Any CPU.Build.0 = Debug|Any CPU
		{919ADF2D-DF2E-4F4D-9F8B-0376346535C9}.Release|Any CPU.ActiveCfg = Release|Any CPU
		{919ADF2D-DF2E-4F4D-9F8B-0376346535C9}.Release|Any CPU.Build.0 = Release|Any CPU
		{28E90D4B-75CE-48D3-ACFE-3AB37179233B}.Debug|Any CPU.ActiveCfg = Debug|Any CPU
		{28E90D4B-75CE-48D3-ACFE-3AB37179233B}.Debug|Any CPU.Build.0 = Debug|Any CPU
		{28E90D4B-75CE-48D3-ACFE-3AB37179233B}.Release|Any CPU.ActiveCfg = Release|Any CPU
		{28E90D4B-75CE-48D3-ACFE-3AB37179233B}.Release|Any CPU.Build.0 = Release|Any CPU
		{1E92A842-18B8-4445-9A07-BB202501A7A4}.Debug|Any CPU.ActiveCfg = Debug|Any CPU
		{1E92A842-18B8-4445-9A07-BB202501A7A4}.Debug|Any CPU.Build.0 = Debug|Any CPU
		{1E92A842-18B8-4445-9A07-BB202501A7A4}.Release|Any CPU.ActiveCfg = Release|Any CPU
		{1E92A842-18B8-4445-9A07-BB202501A7A4}.Release|Any CPU.Build.0 = Release|Any CPU
	EndGlobalSection
	GlobalSection(SolutionProperties) = preSolution
		HideSolutionNode = FALSE
	EndGlobalSection
EndGlobal
